// !$*UTF8*$!
{
	archiveVersion = 1;
	classes = {
	};
	objectVersion = 46;
	objects = {

/* Begin PBXBuildFile section */
		500B3A161BF6B7B700D83C92 /* ElectronSetupViewController.swift in Sources */ = {isa = PBXBuildFile; fileRef = 500B3A151BF6B7B700D83C92 /* ElectronSetupViewController.swift */; };
		5014D1F01AE88D0B00725BA8 /* Gotham-Light.otf in Resources */ = {isa = PBXBuildFile; fileRef = 5014D1EF1AE88D0B00725BA8 /* Gotham-Light.otf */; };
		501DA8E41D24A5D0003CE43F /* DeviceInspectorDataViewController.swift in Sources */ = {isa = PBXBuildFile; fileRef = 501DA8E31D24A5D0003CE43F /* DeviceInspectorDataViewController.swift */; };
		5022204B1B1E7F8400387B24 /* WebViewController.swift in Sources */ = {isa = PBXBuildFile; fileRef = 5022204A1B1E7F8400387B24 /* WebViewController.swift */; };
		502E9BC01B194DF800D2C45B /* HelpViewController.swift in Sources */ = {isa = PBXBuildFile; fileRef = 502E9BBF1B194DF800D2C45B /* HelpViewController.swift */; };
		5048CD231AE09AD00097150A /* DeviceListViewController.swift in Sources */ = {isa = PBXBuildFile; fileRef = 5048CD221AE09AD00097150A /* DeviceListViewController.swift */; };
		5048CD251AE1C3F90097150A /* DeviceTableViewCell.swift in Sources */ = {isa = PBXBuildFile; fileRef = 5048CD241AE1C3F90097150A /* DeviceTableViewCell.swift */; };
		5055653E1AF2D3150099F493 /* Gotham-XLight.otf in Resources */ = {isa = PBXBuildFile; fileRef = 50F62D971AE0721200109F33 /* Gotham-XLight.otf */; };
		5073D4C91AFB14DE00068C2A /* PinFunctionView.m in Sources */ = {isa = PBXBuildFile; fileRef = 5073D4C81AFB14DE00068C2A /* PinFunctionView.m */; };
		5073D4CC1AFB2E3000068C2A /* PinValueView.m in Sources */ = {isa = PBXBuildFile; fileRef = 5073D4CB1AFB2E3000068C2A /* PinValueView.m */; };
		507A84B81D23686C0050B3B6 /* DeviceInspectorInfoViewController.swift in Sources */ = {isa = PBXBuildFile; fileRef = 507A84B71D23686C0050B3B6 /* DeviceInspectorInfoViewController.swift */; };
		507A84BA1D247FFD0050B3B6 /* ParticleUtils.swift in Sources */ = {isa = PBXBuildFile; fileRef = 507A84B91D247FFD0050B3B6 /* ParticleUtils.swift */; };
		507A84BC1D24857F0050B3B6 /* DeviceInspectorChildViewController.swift in Sources */ = {isa = PBXBuildFile; fileRef = 507A84BB1D24857F0050B3B6 /* DeviceInspectorChildViewController.swift */; };
		508311461C0E907F009C0161 /* JavaScriptCore.framework in Frameworks */ = {isa = PBXBuildFile; fileRef = 508311451C0E907E009C0161 /* JavaScriptCore.framework */; };
		5097E5261D0A59DA001F33EE /* DeviceDataTableViewCell.swift in Sources */ = {isa = PBXBuildFile; fileRef = 5097E5251D0A59DA001F33EE /* DeviceDataTableViewCell.swift */; };
		50A11F2A1D2609AA0062BD79 /* DeviceInspectorEventsViewController.swift in Sources */ = {isa = PBXBuildFile; fileRef = 50A11F291D2609AA0062BD79 /* DeviceInspectorEventsViewController.swift */; };
		50B0F9BA1D261149007DB6D1 /* DeviceEventTableViewCell.swift in Sources */ = {isa = PBXBuildFile; fileRef = 50B0F9B91D261149007DB6D1 /* DeviceEventTableViewCell.swift */; };
		50B125491AE06CF4003C29DC /* AppDelegate.swift in Sources */ = {isa = PBXBuildFile; fileRef = 50B125481AE06CF4003C29DC /* AppDelegate.swift */; };
		50B1254B1AE06CF4003C29DC /* WelcomeViewController.swift in Sources */ = {isa = PBXBuildFile; fileRef = 50B1254A1AE06CF4003C29DC /* WelcomeViewController.swift */; };
		50B1254E1AE06CF4003C29DC /* Main.storyboard in Resources */ = {isa = PBXBuildFile; fileRef = 50B1254C1AE06CF4003C29DC /* Main.storyboard */; };
		50B125501AE06CF4003C29DC /* Images.xcassets in Resources */ = {isa = PBXBuildFile; fileRef = 50B1254F1AE06CF4003C29DC /* Images.xcassets */; };
		50B555DD216EB3F100146A1E /* Particle.entitlements in Resources */ = {isa = PBXBuildFile; fileRef = 50CF03C01D93420D0019E3F6 /* Particle.entitlements */; };
		50B6599B1AFC6A2B00606A39 /* SSPieProgressView.m in Sources */ = {isa = PBXBuildFile; fileRef = 50B6599A1AFC6A2B00606A39 /* SSPieProgressView.m */; };
		50BBB1531D1E24D10060659B /* ParticleSpinner.swift in Sources */ = {isa = PBXBuildFile; fileRef = 50BBB1521D1E24D10060659B /* ParticleSpinner.swift */; };
		50D47F2D1AFAF1A9004AD3AE /* SPKTinkerViewController.m in Sources */ = {isa = PBXBuildFile; fileRef = 50D47F2C1AFAF1A9004AD3AE /* SPKTinkerViewController.m */; };
		50D47F301AFAF56C004AD3AE /* PinView.m in Sources */ = {isa = PBXBuildFile; fileRef = 50D47F2F1AFAF56C004AD3AE /* PinView.m */; };
		50E5EF1B1D2DDCBF0087C7B6 /* UIColor.swift in Sources */ = {isa = PBXBuildFile; fileRef = 50E5EF171D2DDCBF0087C7B6 /* UIColor.swift */; };
		50E5EF1C1D2DDCBF0087C7B6 /* UIImage.swift in Sources */ = {isa = PBXBuildFile; fileRef = 50E5EF181D2DDCBF0087C7B6 /* UIImage.swift */; };
		50E5EF1D1D2DDCBF0087C7B6 /* ZAlertView.swift in Sources */ = {isa = PBXBuildFile; fileRef = 50E5EF191D2DDCBF0087C7B6 /* ZAlertView.swift */; };
		50E5EF1F1D2F2CD60087C7B6 /* HelpTableViewCell.swift in Sources */ = {isa = PBXBuildFile; fileRef = 50E5EF1E1D2F2CD60087C7B6 /* HelpTableViewCell.swift */; };
		50EB76151AE6EF2900C925A9 /* ParticleDevice+pins.m in Sources */ = {isa = PBXBuildFile; fileRef = 50EB76121AE6EF2900C925A9 /* ParticleDevice+pins.m */; };
		50EB76161AE6EF2900C925A9 /* DevicePin.m in Sources */ = {isa = PBXBuildFile; fileRef = 50EB76141AE6EF2900C925A9 /* DevicePin.m */; };
		50F62D991AE0721200109F33 /* Gotham-Book.otf in Resources */ = {isa = PBXBuildFile; fileRef = 50F62D951AE0721200109F33 /* Gotham-Book.otf */; };
		50F62D9A1AE0721200109F33 /* Gotham-Medium.otf in Resources */ = {isa = PBXBuildFile; fileRef = 50F62D961AE0721200109F33 /* Gotham-Medium.otf */; };
		50F62D9C1AE0721200109F33 /* Gotham-XLightIta.otf in Resources */ = {isa = PBXBuildFile; fileRef = 50F62D981AE0721200109F33 /* Gotham-XLightIta.otf */; };
		9309D4E221B9AC1D0010E4B4 /* boron_power_on.mov in Resources */ = {isa = PBXBuildFile; fileRef = 9309D4E121B9AC1C0010E4B4 /* boron_power_on.mov */; };
		9317FC0021656C9D0054AE24 /* Avenir Next.ttc in Resources */ = {isa = PBXBuildFile; fileRef = 9317FBFD21656C8E0054AE24 /* Avenir Next.ttc */; };
		9317FC142167F42C0054AE24 /* MeshSetupScanStickerView.xib in Resources */ = {isa = PBXBuildFile; fileRef = 9317FC132167F42C0054AE24 /* MeshSetupScanStickerView.xib */; };
		9317FC16216807200054AE24 /* MeshSetupTextInputView.xib in Resources */ = {isa = PBXBuildFile; fileRef = 9317FC15216807200054AE24 /* MeshSetupTextInputView.xib */; };
		931C3784215AA2240014811C /* MeshSetupStrings.strings in Resources */ = {isa = PBXBuildFile; fileRef = 931C3780215AA2240014811C /* MeshSetupStrings.strings */; };
		931C3785215AA2240014811C /* MeshSetup.storyboard in Resources */ = {isa = PBXBuildFile; fileRef = 931C3782215AA2240014811C /* MeshSetup.storyboard */; };
		931C37CA215AA4310014811C /* MeshSetupNameDeviceViewController.swift in Sources */ = {isa = PBXBuildFile; fileRef = 931C37AE215AA42E0014811C /* MeshSetupNameDeviceViewController.swift */; };
		931C37CB215AA4310014811C /* MeshSetupScanCommissionerStickerViewController.swift in Sources */ = {isa = PBXBuildFile; fileRef = 931C37AF215AA42E0014811C /* MeshSetupScanCommissionerStickerViewController.swift */; };
		931C37CC215AA4310014811C /* MeshSetupGetReadyViewController.swift in Sources */ = {isa = PBXBuildFile; fileRef = 931C37B0215AA42E0014811C /* MeshSetupGetReadyViewController.swift */; };
		931C37CD215AA4310014811C /* MeshSetupPairingProcessViewController.swift in Sources */ = {isa = PBXBuildFile; fileRef = 931C37B1215AA42E0014811C /* MeshSetupPairingProcessViewController.swift */; };
		931C37CE215AA4310014811C /* MeshSetupPairingCommissionerProcessViewController.swift in Sources */ = {isa = PBXBuildFile; fileRef = 931C37B2215AA42F0014811C /* MeshSetupPairingCommissionerProcessViewController.swift */; };
		931C37CF215AA4310014811C /* MeshSetup.swift in Sources */ = {isa = PBXBuildFile; fileRef = 931C37B3215AA42F0014811C /* MeshSetup.swift */; };
		931C37D0215AA4310014811C /* MeshSetupFraming.swift in Sources */ = {isa = PBXBuildFile; fileRef = 931C37B4215AA42F0014811C /* MeshSetupFraming.swift */; };
		931C37D1215AA4310014811C /* MeshSetupBluetoothConnection.swift in Sources */ = {isa = PBXBuildFile; fileRef = 931C37B5215AA42F0014811C /* MeshSetupBluetoothConnection.swift */; };
		931C37D3215AA4310014811C /* MeshSetupSuccessViewController.swift in Sources */ = {isa = PBXBuildFile; fileRef = 931C37B7215AA42F0014811C /* MeshSetupSuccessViewController.swift */; };
		931C37D4215AA4310014811C /* MeshSetupProtocolTransceiver.swift in Sources */ = {isa = PBXBuildFile; fileRef = 931C37B8215AA42F0014811C /* MeshSetupProtocolTransceiver.swift */; };
		931C37D5215AA4310014811C /* MeshDeviceCell.swift in Sources */ = {isa = PBXBuildFile; fileRef = 931C37B9215AA42F0014811C /* MeshDeviceCell.swift */; };
		931C37D6215AA4310014811C /* MeshSetupSelectNetworkViewController.swift in Sources */ = {isa = PBXBuildFile; fileRef = 931C37BA215AA42F0014811C /* MeshSetupSelectNetworkViewController.swift */; };
		931C37D7215AA4310014811C /* MeshSetupFlowManager.swift in Sources */ = {isa = PBXBuildFile; fileRef = 931C37BB215AA42F0014811C /* MeshSetupFlowManager.swift */; };
		931C37D8215AA4310014811C /* MeshSetupEncryptionManager.swift in Sources */ = {isa = PBXBuildFile; fileRef = 931C37BC215AA42F0014811C /* MeshSetupEncryptionManager.swift */; };
		931C37D9215AA4310014811C /* MeshSetupFlowUIManager.swift in Sources */ = {isa = PBXBuildFile; fileRef = 931C37BD215AA4300014811C /* MeshSetupFlowUIManager.swift */; };
		931C37DA215AA4310014811C /* MeshSetupNetworkPasswordViewController.swift in Sources */ = {isa = PBXBuildFile; fileRef = 931C37BE215AA4300014811C /* MeshSetupNetworkPasswordViewController.swift */; };
		931C37DB215AA4310014811C /* MeshSetupJoiningNetworkViewController.swift in Sources */ = {isa = PBXBuildFile; fileRef = 931C37BF215AA4300014811C /* MeshSetupJoiningNetworkViewController.swift */; };
		931C37DC215AA4310014811C /* MeshStrings.swift in Sources */ = {isa = PBXBuildFile; fileRef = 931C37C0215AA4300014811C /* MeshStrings.swift */; };
		931C37DD215AA4310014811C /* MeshSetupFindCommissionerStickerViewController.swift in Sources */ = {isa = PBXBuildFile; fileRef = 931C37C1215AA4300014811C /* MeshSetupFindCommissionerStickerViewController.swift */; };
		931C37DE215AA4310014811C /* MeshSetupScanStickerViewController.swift in Sources */ = {isa = PBXBuildFile; fileRef = 931C37C2215AA4300014811C /* MeshSetupScanStickerViewController.swift */; };
		931C37DF215AA4310014811C /* MeshSetupStyle.swift in Sources */ = {isa = PBXBuildFile; fileRef = 931C37C3215AA4300014811C /* MeshSetupStyle.swift */; };
		931C37E0215AA4310014811C /* MeshSetupGetCommissionerReadyViewController.swift in Sources */ = {isa = PBXBuildFile; fileRef = 931C37C4215AA4300014811C /* MeshSetupGetCommissionerReadyViewController.swift */; };
		931C37E1215AA4310014811C /* MeshSetupFindStickerViewController.swift in Sources */ = {isa = PBXBuildFile; fileRef = 931C37C5215AA4300014811C /* MeshSetupFindStickerViewController.swift */; };
		931C37E2215AA4310014811C /* MeshSetupBluetoothConnectionManager.swift in Sources */ = {isa = PBXBuildFile; fileRef = 931C37C6215AA4300014811C /* MeshSetupBluetoothConnectionManager.swift */; };
		931C37E4215AA4310014811C /* MeshSetupBluetoothConnectionHandshakeManager.swift in Sources */ = {isa = PBXBuildFile; fileRef = 931C37C8215AA4310014811C /* MeshSetupBluetoothConnectionHandshakeManager.swift */; };
		931C37F8215AAAE70014811C /* mbedTLSWrapper.framework in CopyFiles */ = {isa = PBXBuildFile; fileRef = 931C3779215AA1020014811C /* mbedTLSWrapper.framework */; settings = {ATTRIBUTES = (CodeSignOnCopy, RemoveHeadersOnCopy, ); }; };
		931C37FA215AAB2E0014811C /* Storyboardable.swift in Sources */ = {isa = PBXBuildFile; fileRef = 931C37F9215AAB2E0014811C /* Storyboardable.swift */; };
		93522317216CFD4600CF8A69 /* wifi_new.pb.swift in Sources */ = {isa = PBXBuildFile; fileRef = 93522313216CFD4600CF8A69 /* wifi_new.pb.swift */; };
		9352231B216E34DE00CF8A69 /* MeshSetupFlowHelperDefinitions.swift in Sources */ = {isa = PBXBuildFile; fileRef = 9352231A216E34DE00CF8A69 /* MeshSetupFlowHelperDefinitions.swift */; };
		93B0F85C2182236F00D8F8C0 /* argon_power_on.mov in Resources */ = {isa = PBXBuildFile; fileRef = 93B0F8562182236E00D8F8C0 /* argon_power_on.mov */; };
		93B0F85D2182236F00D8F8C0 /* commissioner_to_listening_mode.mov in Resources */ = {isa = PBXBuildFile; fileRef = 93B0F8572182236E00D8F8C0 /* commissioner_to_listening_mode.mov */; };
		93B0F85E2182236F00D8F8C0 /* boron_power_on_battery.mov in Resources */ = {isa = PBXBuildFile; fileRef = 93B0F8582182236E00D8F8C0 /* boron_power_on_battery.mov */; };
		93B0F85F2182236F00D8F8C0 /* featherwing_power_on.mov in Resources */ = {isa = PBXBuildFile; fileRef = 93B0F8592182236F00D8F8C0 /* featherwing_power_on.mov */; };
		93B0F8602182236F00D8F8C0 /* xenon_power_on.mov in Resources */ = {isa = PBXBuildFile; fileRef = 93B0F85A2182236F00D8F8C0 /* xenon_power_on.mov */; };
		93D36EAE216CC71E0088000C /* MeshSetupSuccessView.xib in Resources */ = {isa = PBXBuildFile; fileRef = 93D36EAD216CC71E0088000C /* MeshSetupSuccessView.xib */; };
		93D36EB2216CC8B60088000C /* MeshSetupNetworkListView.xib in Resources */ = {isa = PBXBuildFile; fileRef = 93D36EB1216CC8B60088000C /* MeshSetupNetworkListView.xib */; };
		93D36EB4216CC9940088000C /* MeshSetupProgressView.xib in Resources */ = {isa = PBXBuildFile; fileRef = 93D36EB3216CC9940088000C /* MeshSetupProgressView.xib */; };
		93D36EB6216CCAE10088000C /* MeshSetupPairingView.xib in Resources */ = {isa = PBXBuildFile; fileRef = 93D36EB5216CCAE10088000C /* MeshSetupPairingView.xib */; };
		93D36EB9216CD3C20088000C /* MeshSetupMeshNetworkCell.xib in Resources */ = {isa = PBXBuildFile; fileRef = 93D36EB8216CD3C20088000C /* MeshSetupMeshNetworkCell.xib */; };
		93D36EBB216CD3DF0088000C /* MeshSetupCreateNetworkCell.xib in Resources */ = {isa = PBXBuildFile; fileRef = 93D36EBA216CD3DF0088000C /* MeshSetupCreateNetworkCell.xib */; };
		93EE6966217917EE005529B4 /* cellular.pb.swift in Sources */ = {isa = PBXBuildFile; fileRef = 93EE6964217917EE005529B4 /* cellular.pb.swift */; };
		93FFD598215E7A01005A469D /* MeshSetupImages.xcassets in Resources */ = {isa = PBXBuildFile; fileRef = 93FFD597215E7A00005A469D /* MeshSetupImages.xcassets */; };
		93FFD5A5215E7A6F005A469D /* network.pb.swift in Sources */ = {isa = PBXBuildFile; fileRef = 93FFD599215E7A6E005A469D /* network.pb.swift */; };
		93FFD5A7215E7A6F005A469D /* storage.pb.swift in Sources */ = {isa = PBXBuildFile; fileRef = 93FFD59B215E7A6F005A469D /* storage.pb.swift */; };
		93FFD5A9215E7A6F005A469D /* cloud.pb.swift in Sources */ = {isa = PBXBuildFile; fileRef = 93FFD59D215E7A6F005A469D /* cloud.pb.swift */; };
		93FFD5AA215E7A6F005A469D /* mesh.pb.swift in Sources */ = {isa = PBXBuildFile; fileRef = 93FFD59E215E7A6F005A469D /* mesh.pb.swift */; };
		93FFD5AC215E7A6F005A469D /* config.pb.swift in Sources */ = {isa = PBXBuildFile; fileRef = 93FFD5A0215E7A6F005A469D /* config.pb.swift */; };
		93FFD5AE215E7A6F005A469D /* common.pb.swift in Sources */ = {isa = PBXBuildFile; fileRef = 93FFD5A2215E7A6F005A469D /* common.pb.swift */; };
		93FFD5B3215E7EDB005A469D /* FiraMono-Medium.ttf in Resources */ = {isa = PBXBuildFile; fileRef = 93FFD5B2215E7ED7005A469D /* FiraMono-Medium.ttf */; };
		93FFD5B4215E7EDB005A469D /* FiraMono-Regular.ttf in Resources */ = {isa = PBXBuildFile; fileRef = 93FFD5B1215E7ED7005A469D /* FiraMono-Regular.ttf */; };
		93FFD5C1215E7EFF005A469D /* tinker-0.8.0-rc.13-xenon.bin in Resources */ = {isa = PBXBuildFile; fileRef = 93FFD5B9215E7EFE005A469D /* tinker-0.8.0-rc.13-xenon.bin */; };
		93FFD5C2215E7EFF005A469D /* electron-tinker.bin in Resources */ = {isa = PBXBuildFile; fileRef = 93FFD5BA215E7EFE005A469D /* electron-tinker.bin */; };
		93FFD5C3215E7EFF005A469D /* photon_wifi.mp4 in Resources */ = {isa = PBXBuildFile; fileRef = 93FFD5BB215E7EFE005A469D /* photon_wifi.mp4 */; };
		93FFD5C4215E7EFF005A469D /* photon-tinker.bin in Resources */ = {isa = PBXBuildFile; fileRef = 93FFD5BC215E7EFE005A469D /* photon-tinker.bin */; };
		93FFD5C6215E7F4B005A469D /* Keys.swift in Sources */ = {isa = PBXBuildFile; fileRef = 93FFD5C5215E7F4A005A469D /* Keys.swift */; };
		93FFD5C8215E7F5D005A469D /* GoogleService-Info.plist in Resources */ = {isa = PBXBuildFile; fileRef = 93FFD5C7215E7F5D005A469D /* GoogleService-Info.plist */; };
		93FFD5CA215E7FA9005A469D /* DeviceInspectorViewController.swift in Sources */ = {isa = PBXBuildFile; fileRef = 93FFD5C9215E7FA8005A469D /* DeviceInspectorViewController.swift */; };
		93FFD5CC215E7FB7005A469D /* DeviceFunctionTableViewCell.swift in Sources */ = {isa = PBXBuildFile; fileRef = 93FFD5CB215E7FB7005A469D /* DeviceFunctionTableViewCell.swift */; };
		93FFD5CE215E7FCA005A469D /* DeviceVariableTableViewCell.swift in Sources */ = {isa = PBXBuildFile; fileRef = 93FFD5CD215E7FCA005A469D /* DeviceVariableTableViewCell.swift */; };
		B2F38712C1F74BDA0B4F306B /* libPods-Particle.a in Frameworks */ = {isa = PBXBuildFile; fileRef = 8656B063BC705A88C9D1A9B0 /* libPods-Particle.a */; };
		C810B18620497AAC8EF99E79 /* MeshSetupInfoView.xib in Resources */ = {isa = PBXBuildFile; fileRef = C810BDA797852B52EAA154A4 /* MeshSetupInfoView.xib */; };
		C810B1CD597F61237C015344 /* MeshScreenUtils.swift in Sources */ = {isa = PBXBuildFile; fileRef = C810B4F737B7827436F2694E /* MeshScreenUtils.swift */; };
		C810B1F59C14C1DF6729D6B2 /* MeshSetupCreateNetworkPasswordViewController.swift in Sources */ = {isa = PBXBuildFile; fileRef = C810B53B3FF656161F206C4A /* MeshSetupCreateNetworkPasswordViewController.swift */; };
		C810B2D9ECD474E60DFA4A74 /* LogListViewController.swift in Sources */ = {isa = PBXBuildFile; fileRef = C810BFF8D422E5CAA27D1E65 /* LogListViewController.swift */; };
		C810B3241C5AEA9FE0273D8A /* MeshSetupFirmwareUpdateViewController.swift in Sources */ = {isa = PBXBuildFile; fileRef = C810BDFBB870A452DFE60AD0 /* MeshSetupFirmwareUpdateViewController.swift */; };
		C810B4F84F91FF574E316EDC /* MeshSetupWifiNetworkCell.xib in Resources */ = {isa = PBXBuildFile; fileRef = C810B144D6FEAB8614A35CFB /* MeshSetupWifiNetworkCell.xib */; };
		C810B570E40A50EBA524D8A8 /* MeshSetupFirmwareUpdateProgressViewController.swift in Sources */ = {isa = PBXBuildFile; fileRef = C810B52756160C0789CEB88B /* MeshSetupFirmwareUpdateProgressViewController.swift */; };
		C810B57D6A8BC308730D1761 /* MeshSetupConnectingToInternetViewControllers.swift in Sources */ = {isa = PBXBuildFile; fileRef = C810B11BCA49A4ECBF15A272 /* MeshSetupConnectingToInternetViewControllers.swift */; };
		C810B6B490B3E0F0DEE3A09E /* MeshSetupProgressViewController.swift in Sources */ = {isa = PBXBuildFile; fileRef = C810B8843593B1542D03BA54 /* MeshSetupProgressViewController.swift */; };
		C810B6C51E6C09579DB3C318 /* MeshSetupSelectOrCreateNetworkViewController.swift in Sources */ = {isa = PBXBuildFile; fileRef = C810B57F9293CD20B706630B /* MeshSetupSelectOrCreateNetworkViewController.swift */; };
		C810B6F1E2651913E90CE4A6 /* MeshSetupPricingInfoViewController.swift in Sources */ = {isa = PBXBuildFile; fileRef = C810B61CDAFD8727150FB373 /* MeshSetupPricingInfoViewController.swift */; };
		C810B777D7B8F9B7157D6D0B /* MeshSetupTextInputViewController.swift in Sources */ = {isa = PBXBuildFile; fileRef = C810BD4A5AD59EE85C510591 /* MeshSetupTextInputViewController.swift */; };
		C810B7796877EC207CAEBE48 /* MeshSetupInfoViewControllers.swift in Sources */ = {isa = PBXBuildFile; fileRef = C810B2135A9D3D18E382E065 /* MeshSetupInfoViewControllers.swift */; };
		C810B8CAFDD632F1B0E587C4 /* MeshSetupInfoViewController.swift in Sources */ = {isa = PBXBuildFile; fileRef = C810B2A2C9E4F1B4BC7B9BC6 /* MeshSetupInfoViewController.swift */; };
		C810BA5F90B06FCDCF3F21BA /* MeshSetupCreatingNetworkViewController.swift in Sources */ = {isa = PBXBuildFile; fileRef = C810BB55059C80151EC1FE89 /* MeshSetupCreatingNetworkViewController.swift */; };
		C810BA6340DA15524FDDA962 /* ScanBarcodeViewController.m in Sources */ = {isa = PBXBuildFile; fileRef = C810BBF99BF4AC32D496472A /* ScanBarcodeViewController.m */; };
		C810BA6D41F43204736E6512 /* MeshSetupNetworkListViewController.swift in Sources */ = {isa = PBXBuildFile; fileRef = C810B8D0878C6A9470C14CD8 /* MeshSetupNetworkListViewController.swift */; };
		C810BBC203E5ADA114BB4831 /* MeshSetupViewController.swift in Sources */ = {isa = PBXBuildFile; fileRef = C810BF96B80E35D10BB3B8AF /* MeshSetupViewController.swift */; };
		C810BBDCF3C37E4E5BB24613 /* MeshSetupSelectWifiNetworkViewController.swift in Sources */ = {isa = PBXBuildFile; fileRef = C810B756B2B9F5038244B8B1 /* MeshSetupSelectWifiNetworkViewController.swift */; };
		C810BD5F76DCCD2C74472949 /* MeshSetupNetworkCreatedViewController.swift in Sources */ = {isa = PBXBuildFile; fileRef = C810B12F2906E63F800327E1 /* MeshSetupNetworkCreatedViewController.swift */; };
		C810BDA4D0D091E67587C94D /* MeshSetupWifiNetworkPasswordViewController.swift in Sources */ = {isa = PBXBuildFile; fileRef = C810B35128237699826532CD /* MeshSetupWifiNetworkPasswordViewController.swift */; };
		C810BE60B24E156C4C7E55CC /* MeshSetupCreateNetworkNameViewController.swift in Sources */ = {isa = PBXBuildFile; fileRef = C810B000C6D32132595A7F41 /* MeshSetupCreateNetworkNameViewController.swift */; };
		C810BEE1EA84551AB5C1B56F /* MeshSetupStandAloneOrMeshSetupViewController.swift in Sources */ = {isa = PBXBuildFile; fileRef = C810BD00BB9C3D20CF1CB23B /* MeshSetupStandAloneOrMeshSetupViewController.swift */; };
/* End PBXBuildFile section */

/* Begin PBXContainerItemProxy section */
		931C3778215AA1020014811C /* PBXContainerItemProxy */ = {
			isa = PBXContainerItemProxy;
			containerPortal = 931C3773215AA1020014811C /* mbedTLSWrapper.xcodeproj */;
			proxyType = 2;
			remoteGlobalIDString = 9365493221232D3300E12BC0;
			remoteInfo = mbedTLSWrapper;
		};
		931C377A215AA1020014811C /* PBXContainerItemProxy */ = {
			isa = PBXContainerItemProxy;
			containerPortal = 931C3773215AA1020014811C /* mbedTLSWrapper.xcodeproj */;
			proxyType = 2;
			remoteGlobalIDString = 9365493B21232D3300E12BC0;
			remoteInfo = mbedTLSWrapperTests;
		};
/* End PBXContainerItemProxy section */

/* Begin PBXCopyFilesBuildPhase section */
		931C37F7215AAADE0014811C /* CopyFiles */ = {
			isa = PBXCopyFilesBuildPhase;
			buildActionMask = 2147483647;
			dstPath = "";
			dstSubfolderSpec = 10;
			files = (
				931C37F8215AAAE70014811C /* mbedTLSWrapper.framework in CopyFiles */,
			);
			runOnlyForDeploymentPostprocessing = 0;
		};
/* End PBXCopyFilesBuildPhase section */

/* Begin PBXFileReference section */
		500B3A151BF6B7B700D83C92 /* ElectronSetupViewController.swift */ = {isa = PBXFileReference; fileEncoding = 4; lastKnownFileType = sourcecode.swift; path = ElectronSetupViewController.swift; sourceTree = "<group>"; };
		5014D1EF1AE88D0B00725BA8 /* Gotham-Light.otf */ = {isa = PBXFileReference; lastKnownFileType = file; path = "Gotham-Light.otf"; sourceTree = "<group>"; };
		501DA8E31D24A5D0003CE43F /* DeviceInspectorDataViewController.swift */ = {isa = PBXFileReference; fileEncoding = 4; lastKnownFileType = sourcecode.swift; path = DeviceInspectorDataViewController.swift; sourceTree = "<group>"; };
		5022204A1B1E7F8400387B24 /* WebViewController.swift */ = {isa = PBXFileReference; fileEncoding = 4; lastKnownFileType = sourcecode.swift; path = WebViewController.swift; sourceTree = "<group>"; };
		502E9BBF1B194DF800D2C45B /* HelpViewController.swift */ = {isa = PBXFileReference; fileEncoding = 4; lastKnownFileType = sourcecode.swift; path = HelpViewController.swift; sourceTree = "<group>"; };
		5048CD221AE09AD00097150A /* DeviceListViewController.swift */ = {isa = PBXFileReference; fileEncoding = 4; lastKnownFileType = sourcecode.swift; path = DeviceListViewController.swift; sourceTree = "<group>"; };
		5048CD241AE1C3F90097150A /* DeviceTableViewCell.swift */ = {isa = PBXFileReference; fileEncoding = 4; lastKnownFileType = sourcecode.swift; path = DeviceTableViewCell.swift; sourceTree = "<group>"; };
		5073D4C71AFB14DE00068C2A /* PinFunctionView.h */ = {isa = PBXFileReference; fileEncoding = 4; lastKnownFileType = sourcecode.c.h; path = PinFunctionView.h; sourceTree = "<group>"; };
		5073D4C81AFB14DE00068C2A /* PinFunctionView.m */ = {isa = PBXFileReference; fileEncoding = 4; lastKnownFileType = sourcecode.c.objc; path = PinFunctionView.m; sourceTree = "<group>"; };
		5073D4CA1AFB2E3000068C2A /* PinValueView.h */ = {isa = PBXFileReference; fileEncoding = 4; lastKnownFileType = sourcecode.c.h; path = PinValueView.h; sourceTree = "<group>"; };
		5073D4CB1AFB2E3000068C2A /* PinValueView.m */ = {isa = PBXFileReference; fileEncoding = 4; lastKnownFileType = sourcecode.c.objc; path = PinValueView.m; sourceTree = "<group>"; };
		507A84B71D23686C0050B3B6 /* DeviceInspectorInfoViewController.swift */ = {isa = PBXFileReference; fileEncoding = 4; lastKnownFileType = sourcecode.swift; path = DeviceInspectorInfoViewController.swift; sourceTree = "<group>"; };
		507A84B91D247FFD0050B3B6 /* ParticleUtils.swift */ = {isa = PBXFileReference; fileEncoding = 4; lastKnownFileType = sourcecode.swift; path = ParticleUtils.swift; sourceTree = "<group>"; };
		507A84BB1D24857F0050B3B6 /* DeviceInspectorChildViewController.swift */ = {isa = PBXFileReference; fileEncoding = 4; lastKnownFileType = sourcecode.swift; path = DeviceInspectorChildViewController.swift; sourceTree = "<group>"; };
		508311451C0E907E009C0161 /* JavaScriptCore.framework */ = {isa = PBXFileReference; lastKnownFileType = wrapper.framework; name = JavaScriptCore.framework; path = System/Library/Frameworks/JavaScriptCore.framework; sourceTree = SDKROOT; };
		5097E5251D0A59DA001F33EE /* DeviceDataTableViewCell.swift */ = {isa = PBXFileReference; fileEncoding = 4; lastKnownFileType = sourcecode.swift; path = DeviceDataTableViewCell.swift; sourceTree = "<group>"; };
		50A11F291D2609AA0062BD79 /* DeviceInspectorEventsViewController.swift */ = {isa = PBXFileReference; fileEncoding = 4; lastKnownFileType = sourcecode.swift; path = DeviceInspectorEventsViewController.swift; sourceTree = "<group>"; };
		50B0F9B91D261149007DB6D1 /* DeviceEventTableViewCell.swift */ = {isa = PBXFileReference; fileEncoding = 4; lastKnownFileType = sourcecode.swift; path = DeviceEventTableViewCell.swift; sourceTree = "<group>"; };
		50B125431AE06CF4003C29DC /* Particle.app */ = {isa = PBXFileReference; explicitFileType = wrapper.application; includeInIndex = 0; path = Particle.app; sourceTree = BUILT_PRODUCTS_DIR; };
		50B125471AE06CF4003C29DC /* Info.plist */ = {isa = PBXFileReference; lastKnownFileType = text.plist.xml; path = Info.plist; sourceTree = "<group>"; };
		50B125481AE06CF4003C29DC /* AppDelegate.swift */ = {isa = PBXFileReference; lastKnownFileType = sourcecode.swift; path = AppDelegate.swift; sourceTree = "<group>"; };
		50B1254A1AE06CF4003C29DC /* WelcomeViewController.swift */ = {isa = PBXFileReference; lastKnownFileType = sourcecode.swift; path = WelcomeViewController.swift; sourceTree = "<group>"; };
		50B1254D1AE06CF4003C29DC /* Base */ = {isa = PBXFileReference; lastKnownFileType = file.storyboard; name = Base; path = Base.lproj/Main.storyboard; sourceTree = "<group>"; };
		50B1254F1AE06CF4003C29DC /* Images.xcassets */ = {isa = PBXFileReference; lastKnownFileType = folder.assetcatalog; name = Images.xcassets; path = "Photon-Tinker/Images.xcassets"; sourceTree = "<group>"; };
		50B1255D1AE06CF4003C29DC /* Info.plist */ = {isa = PBXFileReference; lastKnownFileType = text.plist.xml; path = Info.plist; sourceTree = "<group>"; };
		50B1255E1AE06CF4003C29DC /* Photon_TinkerTests.swift */ = {isa = PBXFileReference; lastKnownFileType = sourcecode.swift; path = Photon_TinkerTests.swift; sourceTree = "<group>"; };
		50B659991AFC6A2B00606A39 /* SSPieProgressView.h */ = {isa = PBXFileReference; fileEncoding = 4; lastKnownFileType = sourcecode.c.h; path = SSPieProgressView.h; sourceTree = "<group>"; };
		50B6599A1AFC6A2B00606A39 /* SSPieProgressView.m */ = {isa = PBXFileReference; fileEncoding = 4; lastKnownFileType = sourcecode.c.objc; path = SSPieProgressView.m; sourceTree = "<group>"; };
		50BBB1521D1E24D10060659B /* ParticleSpinner.swift */ = {isa = PBXFileReference; fileEncoding = 4; lastKnownFileType = sourcecode.swift; path = ParticleSpinner.swift; sourceTree = "<group>"; };
		50CF03C01D93420D0019E3F6 /* Particle.entitlements */ = {isa = PBXFileReference; lastKnownFileType = text.plist.entitlements; path = Particle.entitlements; sourceTree = "<group>"; };
		50D47F2B1AFAF1A9004AD3AE /* SPKTinkerViewController.h */ = {isa = PBXFileReference; fileEncoding = 4; lastKnownFileType = sourcecode.c.h; lineEnding = 0; path = SPKTinkerViewController.h; sourceTree = "<group>"; xcLanguageSpecificationIdentifier = xcode.lang.objcpp; };
		50D47F2C1AFAF1A9004AD3AE /* SPKTinkerViewController.m */ = {isa = PBXFileReference; fileEncoding = 4; lastKnownFileType = sourcecode.c.objc; lineEnding = 0; path = SPKTinkerViewController.m; sourceTree = "<group>"; xcLanguageSpecificationIdentifier = xcode.lang.objc; };
		50D47F2E1AFAF56C004AD3AE /* PinView.h */ = {isa = PBXFileReference; fileEncoding = 4; lastKnownFileType = sourcecode.c.h; path = PinView.h; sourceTree = "<group>"; };
		50D47F2F1AFAF56C004AD3AE /* PinView.m */ = {isa = PBXFileReference; fileEncoding = 4; lastKnownFileType = sourcecode.c.objc; path = PinView.m; sourceTree = "<group>"; };
		50E5EF171D2DDCBF0087C7B6 /* UIColor.swift */ = {isa = PBXFileReference; fileEncoding = 4; lastKnownFileType = sourcecode.swift; path = UIColor.swift; sourceTree = "<group>"; };
		50E5EF181D2DDCBF0087C7B6 /* UIImage.swift */ = {isa = PBXFileReference; fileEncoding = 4; lastKnownFileType = sourcecode.swift; path = UIImage.swift; sourceTree = "<group>"; };
		50E5EF191D2DDCBF0087C7B6 /* ZAlertView.swift */ = {isa = PBXFileReference; fileEncoding = 4; lastKnownFileType = sourcecode.swift; path = ZAlertView.swift; sourceTree = "<group>"; };
		50E5EF1E1D2F2CD60087C7B6 /* HelpTableViewCell.swift */ = {isa = PBXFileReference; fileEncoding = 4; lastKnownFileType = sourcecode.swift; path = HelpTableViewCell.swift; sourceTree = "<group>"; };
		50EB76121AE6EF2900C925A9 /* ParticleDevice+pins.m */ = {isa = PBXFileReference; fileEncoding = 4; lastKnownFileType = sourcecode.c.objc; path = "ParticleDevice+pins.m"; sourceTree = "<group>"; };
		50EB76131AE6EF2900C925A9 /* DevicePin.h */ = {isa = PBXFileReference; fileEncoding = 4; lastKnownFileType = sourcecode.c.h; path = DevicePin.h; sourceTree = "<group>"; };
		50EB76141AE6EF2900C925A9 /* DevicePin.m */ = {isa = PBXFileReference; fileEncoding = 4; lastKnownFileType = sourcecode.c.objc; path = DevicePin.m; sourceTree = "<group>"; };
		50EB76191AE6F03600C925A9 /* ParticleDevice+pins.h */ = {isa = PBXFileReference; fileEncoding = 4; lastKnownFileType = sourcecode.c.h; path = "ParticleDevice+pins.h"; sourceTree = "<group>"; };
		50F62D951AE0721200109F33 /* Gotham-Book.otf */ = {isa = PBXFileReference; lastKnownFileType = file; path = "Gotham-Book.otf"; sourceTree = "<group>"; };
		50F62D961AE0721200109F33 /* Gotham-Medium.otf */ = {isa = PBXFileReference; lastKnownFileType = file; path = "Gotham-Medium.otf"; sourceTree = "<group>"; };
		50F62D971AE0721200109F33 /* Gotham-XLight.otf */ = {isa = PBXFileReference; lastKnownFileType = file; path = "Gotham-XLight.otf"; sourceTree = "<group>"; };
		50F62D981AE0721200109F33 /* Gotham-XLightIta.otf */ = {isa = PBXFileReference; lastKnownFileType = file; path = "Gotham-XLightIta.otf"; sourceTree = "<group>"; };
		50F62D9D1AE0727E00109F33 /* Particle-Bridging-Header.h */ = {isa = PBXFileReference; fileEncoding = 4; lastKnownFileType = sourcecode.c.h; path = "Particle-Bridging-Header.h"; sourceTree = "<group>"; };
		8656B063BC705A88C9D1A9B0 /* libPods-Particle.a */ = {isa = PBXFileReference; explicitFileType = archive.ar; includeInIndex = 0; path = "libPods-Particle.a"; sourceTree = BUILT_PRODUCTS_DIR; };
		9309D4E121B9AC1C0010E4B4 /* boron_power_on.mov */ = {isa = PBXFileReference; lastKnownFileType = video.quicktime; name = boron_power_on.mov; path = Resources/boron_power_on.mov; sourceTree = "<group>"; };
		9317FBFD21656C8E0054AE24 /* Avenir Next.ttc */ = {isa = PBXFileReference; lastKnownFileType = file; name = "Avenir Next.ttc"; path = "Photon-Tinker/Fonts/Avenir Next.ttc"; sourceTree = "<group>"; };
		9317FC132167F42C0054AE24 /* MeshSetupScanStickerView.xib */ = {isa = PBXFileReference; lastKnownFileType = file.xib; path = MeshSetupScanStickerView.xib; sourceTree = "<group>"; };
		9317FC15216807200054AE24 /* MeshSetupTextInputView.xib */ = {isa = PBXFileReference; lastKnownFileType = file.xib; path = MeshSetupTextInputView.xib; sourceTree = "<group>"; };
		931C3773215AA1020014811C /* mbedTLSWrapper.xcodeproj */ = {isa = PBXFileReference; lastKnownFileType = "wrapper.pb-project"; name = mbedTLSWrapper.xcodeproj; path = mbedTLSWrapper/mbedTLSWrapper.xcodeproj; sourceTree = "<group>"; };
		931C3781215AA2240014811C /* Base */ = {isa = PBXFileReference; lastKnownFileType = text.plist.strings; name = Base; path = "Photon-Tinker/Base.lproj/MeshSetupStrings.strings"; sourceTree = "<group>"; };
		931C3783215AA2240014811C /* Base */ = {isa = PBXFileReference; lastKnownFileType = file.storyboard; name = Base; path = "Photon-Tinker/Base.lproj/MeshSetup.storyboard"; sourceTree = "<group>"; };
		931C37AE215AA42E0014811C /* MeshSetupNameDeviceViewController.swift */ = {isa = PBXFileReference; fileEncoding = 4; lastKnownFileType = sourcecode.swift; path = MeshSetupNameDeviceViewController.swift; sourceTree = "<group>"; };
		931C37AF215AA42E0014811C /* MeshSetupScanCommissionerStickerViewController.swift */ = {isa = PBXFileReference; fileEncoding = 4; lastKnownFileType = sourcecode.swift; path = MeshSetupScanCommissionerStickerViewController.swift; sourceTree = "<group>"; };
		931C37B0215AA42E0014811C /* MeshSetupGetReadyViewController.swift */ = {isa = PBXFileReference; fileEncoding = 4; lastKnownFileType = sourcecode.swift; path = MeshSetupGetReadyViewController.swift; sourceTree = "<group>"; };
		931C37B1215AA42E0014811C /* MeshSetupPairingProcessViewController.swift */ = {isa = PBXFileReference; fileEncoding = 4; lastKnownFileType = sourcecode.swift; path = MeshSetupPairingProcessViewController.swift; sourceTree = "<group>"; };
		931C37B2215AA42F0014811C /* MeshSetupPairingCommissionerProcessViewController.swift */ = {isa = PBXFileReference; fileEncoding = 4; lastKnownFileType = sourcecode.swift; path = MeshSetupPairingCommissionerProcessViewController.swift; sourceTree = "<group>"; };
		931C37B3215AA42F0014811C /* MeshSetup.swift */ = {isa = PBXFileReference; fileEncoding = 4; lastKnownFileType = sourcecode.swift; path = MeshSetup.swift; sourceTree = "<group>"; };
		931C37B4215AA42F0014811C /* MeshSetupFraming.swift */ = {isa = PBXFileReference; fileEncoding = 4; lastKnownFileType = sourcecode.swift; path = MeshSetupFraming.swift; sourceTree = "<group>"; };
		931C37B5215AA42F0014811C /* MeshSetupBluetoothConnection.swift */ = {isa = PBXFileReference; fileEncoding = 4; lastKnownFileType = sourcecode.swift; path = MeshSetupBluetoothConnection.swift; sourceTree = "<group>"; };
		931C37B7215AA42F0014811C /* MeshSetupSuccessViewController.swift */ = {isa = PBXFileReference; fileEncoding = 4; lastKnownFileType = sourcecode.swift; path = MeshSetupSuccessViewController.swift; sourceTree = "<group>"; };
		931C37B8215AA42F0014811C /* MeshSetupProtocolTransceiver.swift */ = {isa = PBXFileReference; fileEncoding = 4; lastKnownFileType = sourcecode.swift; path = MeshSetupProtocolTransceiver.swift; sourceTree = "<group>"; };
		931C37B9215AA42F0014811C /* MeshDeviceCell.swift */ = {isa = PBXFileReference; fileEncoding = 4; lastKnownFileType = sourcecode.swift; path = MeshDeviceCell.swift; sourceTree = "<group>"; };
		931C37BA215AA42F0014811C /* MeshSetupSelectNetworkViewController.swift */ = {isa = PBXFileReference; fileEncoding = 4; lastKnownFileType = sourcecode.swift; path = MeshSetupSelectNetworkViewController.swift; sourceTree = "<group>"; };
		931C37BB215AA42F0014811C /* MeshSetupFlowManager.swift */ = {isa = PBXFileReference; fileEncoding = 4; lastKnownFileType = sourcecode.swift; path = MeshSetupFlowManager.swift; sourceTree = "<group>"; };
		931C37BC215AA42F0014811C /* MeshSetupEncryptionManager.swift */ = {isa = PBXFileReference; fileEncoding = 4; lastKnownFileType = sourcecode.swift; path = MeshSetupEncryptionManager.swift; sourceTree = "<group>"; };
		931C37BD215AA4300014811C /* MeshSetupFlowUIManager.swift */ = {isa = PBXFileReference; fileEncoding = 4; lastKnownFileType = sourcecode.swift; path = MeshSetupFlowUIManager.swift; sourceTree = "<group>"; };
		931C37BE215AA4300014811C /* MeshSetupNetworkPasswordViewController.swift */ = {isa = PBXFileReference; fileEncoding = 4; lastKnownFileType = sourcecode.swift; path = MeshSetupNetworkPasswordViewController.swift; sourceTree = "<group>"; };
		931C37BF215AA4300014811C /* MeshSetupJoiningNetworkViewController.swift */ = {isa = PBXFileReference; fileEncoding = 4; lastKnownFileType = sourcecode.swift; path = MeshSetupJoiningNetworkViewController.swift; sourceTree = "<group>"; };
		931C37C0215AA4300014811C /* MeshStrings.swift */ = {isa = PBXFileReference; fileEncoding = 4; lastKnownFileType = sourcecode.swift; path = MeshStrings.swift; sourceTree = "<group>"; };
		931C37C1215AA4300014811C /* MeshSetupFindCommissionerStickerViewController.swift */ = {isa = PBXFileReference; fileEncoding = 4; lastKnownFileType = sourcecode.swift; path = MeshSetupFindCommissionerStickerViewController.swift; sourceTree = "<group>"; };
		931C37C2215AA4300014811C /* MeshSetupScanStickerViewController.swift */ = {isa = PBXFileReference; fileEncoding = 4; lastKnownFileType = sourcecode.swift; path = MeshSetupScanStickerViewController.swift; sourceTree = "<group>"; };
		931C37C3215AA4300014811C /* MeshSetupStyle.swift */ = {isa = PBXFileReference; fileEncoding = 4; lastKnownFileType = sourcecode.swift; path = MeshSetupStyle.swift; sourceTree = "<group>"; };
		931C37C4215AA4300014811C /* MeshSetupGetCommissionerReadyViewController.swift */ = {isa = PBXFileReference; fileEncoding = 4; lastKnownFileType = sourcecode.swift; path = MeshSetupGetCommissionerReadyViewController.swift; sourceTree = "<group>"; };
		931C37C5215AA4300014811C /* MeshSetupFindStickerViewController.swift */ = {isa = PBXFileReference; fileEncoding = 4; lastKnownFileType = sourcecode.swift; path = MeshSetupFindStickerViewController.swift; sourceTree = "<group>"; };
		931C37C6215AA4300014811C /* MeshSetupBluetoothConnectionManager.swift */ = {isa = PBXFileReference; fileEncoding = 4; lastKnownFileType = sourcecode.swift; path = MeshSetupBluetoothConnectionManager.swift; sourceTree = "<group>"; };
		931C37C8215AA4310014811C /* MeshSetupBluetoothConnectionHandshakeManager.swift */ = {isa = PBXFileReference; fileEncoding = 4; lastKnownFileType = sourcecode.swift; path = MeshSetupBluetoothConnectionHandshakeManager.swift; sourceTree = "<group>"; };
		931C37F9215AAB2E0014811C /* Storyboardable.swift */ = {isa = PBXFileReference; fileEncoding = 4; lastKnownFileType = sourcecode.swift; path = Storyboardable.swift; sourceTree = "<group>"; };
		93522313216CFD4600CF8A69 /* wifi_new.pb.swift */ = {isa = PBXFileReference; fileEncoding = 4; lastKnownFileType = sourcecode.swift; path = wifi_new.pb.swift; sourceTree = "<group>"; };
		93522316216CFD4600CF8A69 /* wifi_new.proto */ = {isa = PBXFileReference; fileEncoding = 4; lastKnownFileType = sourcecode.protobuf; path = wifi_new.proto; sourceTree = "<group>"; };
		9352231A216E34DE00CF8A69 /* MeshSetupFlowHelperDefinitions.swift */ = {isa = PBXFileReference; lastKnownFileType = sourcecode.swift; path = MeshSetupFlowHelperDefinitions.swift; sourceTree = "<group>"; };
		93B0F8562182236E00D8F8C0 /* argon_power_on.mov */ = {isa = PBXFileReference; lastKnownFileType = video.quicktime; name = argon_power_on.mov; path = Resources/argon_power_on.mov; sourceTree = "<group>"; };
		93B0F8572182236E00D8F8C0 /* commissioner_to_listening_mode.mov */ = {isa = PBXFileReference; lastKnownFileType = video.quicktime; name = commissioner_to_listening_mode.mov; path = Resources/commissioner_to_listening_mode.mov; sourceTree = "<group>"; };
		93B0F8582182236E00D8F8C0 /* boron_power_on_battery.mov */ = {isa = PBXFileReference; lastKnownFileType = video.quicktime; name = boron_power_on_battery.mov; path = Resources/boron_power_on_battery.mov; sourceTree = "<group>"; };
		93B0F8592182236F00D8F8C0 /* featherwing_power_on.mov */ = {isa = PBXFileReference; lastKnownFileType = video.quicktime; name = featherwing_power_on.mov; path = Resources/featherwing_power_on.mov; sourceTree = "<group>"; };
		93B0F85A2182236F00D8F8C0 /* xenon_power_on.mov */ = {isa = PBXFileReference; lastKnownFileType = video.quicktime; name = xenon_power_on.mov; path = Resources/xenon_power_on.mov; sourceTree = "<group>"; };
		93D36EAD216CC71E0088000C /* MeshSetupSuccessView.xib */ = {isa = PBXFileReference; lastKnownFileType = file.xib; path = MeshSetupSuccessView.xib; sourceTree = "<group>"; };
		93D36EB1216CC8B60088000C /* MeshSetupNetworkListView.xib */ = {isa = PBXFileReference; lastKnownFileType = file.xib; path = MeshSetupNetworkListView.xib; sourceTree = "<group>"; };
		93D36EB3216CC9940088000C /* MeshSetupProgressView.xib */ = {isa = PBXFileReference; lastKnownFileType = file.xib; path = MeshSetupProgressView.xib; sourceTree = "<group>"; };
		93D36EB5216CCAE10088000C /* MeshSetupPairingView.xib */ = {isa = PBXFileReference; lastKnownFileType = file.xib; path = MeshSetupPairingView.xib; sourceTree = "<group>"; };
		93D36EB8216CD3C20088000C /* MeshSetupMeshNetworkCell.xib */ = {isa = PBXFileReference; lastKnownFileType = file.xib; path = MeshSetupMeshNetworkCell.xib; sourceTree = "<group>"; };
		93D36EBA216CD3DF0088000C /* MeshSetupCreateNetworkCell.xib */ = {isa = PBXFileReference; lastKnownFileType = file.xib; path = MeshSetupCreateNetworkCell.xib; sourceTree = "<group>"; };
		93EE6964217917EE005529B4 /* cellular.pb.swift */ = {isa = PBXFileReference; fileEncoding = 4; lastKnownFileType = sourcecode.swift; path = cellular.pb.swift; sourceTree = "<group>"; };
		93EE6965217917EE005529B4 /* cellular.proto */ = {isa = PBXFileReference; fileEncoding = 4; lastKnownFileType = sourcecode.protobuf; path = cellular.proto; sourceTree = "<group>"; };
		93FFD597215E7A00005A469D /* MeshSetupImages.xcassets */ = {isa = PBXFileReference; lastKnownFileType = folder.assetcatalog; name = MeshSetupImages.xcassets; path = "Photon-Tinker/MeshSetupImages.xcassets"; sourceTree = "<group>"; };
		93FFD599215E7A6E005A469D /* network.pb.swift */ = {isa = PBXFileReference; fileEncoding = 4; lastKnownFileType = sourcecode.swift; path = network.pb.swift; sourceTree = "<group>"; };
		93FFD59A215E7A6F005A469D /* network.proto */ = {isa = PBXFileReference; fileEncoding = 4; lastKnownFileType = sourcecode.protobuf; path = network.proto; sourceTree = "<group>"; };
		93FFD59B215E7A6F005A469D /* storage.pb.swift */ = {isa = PBXFileReference; fileEncoding = 4; lastKnownFileType = sourcecode.swift; path = storage.pb.swift; sourceTree = "<group>"; };
		93FFD59C215E7A6F005A469D /* common.proto */ = {isa = PBXFileReference; fileEncoding = 4; lastKnownFileType = sourcecode.protobuf; path = common.proto; sourceTree = "<group>"; };
		93FFD59D215E7A6F005A469D /* cloud.pb.swift */ = {isa = PBXFileReference; fileEncoding = 4; lastKnownFileType = sourcecode.swift; path = cloud.pb.swift; sourceTree = "<group>"; };
		93FFD59E215E7A6F005A469D /* mesh.pb.swift */ = {isa = PBXFileReference; fileEncoding = 4; lastKnownFileType = sourcecode.swift; path = mesh.pb.swift; sourceTree = "<group>"; };
		93FFD59F215E7A6F005A469D /* storage.proto */ = {isa = PBXFileReference; fileEncoding = 4; lastKnownFileType = sourcecode.protobuf; path = storage.proto; sourceTree = "<group>"; };
		93FFD5A0215E7A6F005A469D /* config.pb.swift */ = {isa = PBXFileReference; fileEncoding = 4; lastKnownFileType = sourcecode.swift; path = config.pb.swift; sourceTree = "<group>"; };
		93FFD5A1215E7A6F005A469D /* cloud.proto */ = {isa = PBXFileReference; fileEncoding = 4; lastKnownFileType = sourcecode.protobuf; path = cloud.proto; sourceTree = "<group>"; };
		93FFD5A2215E7A6F005A469D /* common.pb.swift */ = {isa = PBXFileReference; fileEncoding = 4; lastKnownFileType = sourcecode.swift; path = common.pb.swift; sourceTree = "<group>"; };
		93FFD5A3215E7A6F005A469D /* config.proto */ = {isa = PBXFileReference; fileEncoding = 4; lastKnownFileType = sourcecode.protobuf; path = config.proto; sourceTree = "<group>"; };
		93FFD5A4215E7A6F005A469D /* mesh.proto */ = {isa = PBXFileReference; fileEncoding = 4; lastKnownFileType = sourcecode.protobuf; path = mesh.proto; sourceTree = "<group>"; };
		93FFD5B1215E7ED7005A469D /* FiraMono-Regular.ttf */ = {isa = PBXFileReference; lastKnownFileType = file; path = "FiraMono-Regular.ttf"; sourceTree = "<group>"; };
		93FFD5B2215E7ED7005A469D /* FiraMono-Medium.ttf */ = {isa = PBXFileReference; lastKnownFileType = file; path = "FiraMono-Medium.ttf"; sourceTree = "<group>"; };
		93FFD5B9215E7EFE005A469D /* tinker-0.8.0-rc.13-xenon.bin */ = {isa = PBXFileReference; lastKnownFileType = archive.macbinary; name = "tinker-0.8.0-rc.13-xenon.bin"; path = "Resources/tinker-0.8.0-rc.13-xenon.bin"; sourceTree = "<group>"; };
		93FFD5BA215E7EFE005A469D /* electron-tinker.bin */ = {isa = PBXFileReference; lastKnownFileType = archive.macbinary; name = "electron-tinker.bin"; path = "Resources/electron-tinker.bin"; sourceTree = "<group>"; };
		93FFD5BB215E7EFE005A469D /* photon_wifi.mp4 */ = {isa = PBXFileReference; lastKnownFileType = file; name = photon_wifi.mp4; path = Resources/photon_wifi.mp4; sourceTree = "<group>"; };
		93FFD5BC215E7EFE005A469D /* photon-tinker.bin */ = {isa = PBXFileReference; lastKnownFileType = archive.macbinary; name = "photon-tinker.bin"; path = "Resources/photon-tinker.bin"; sourceTree = "<group>"; };
		93FFD5C5215E7F4A005A469D /* Keys.swift */ = {isa = PBXFileReference; fileEncoding = 4; lastKnownFileType = sourcecode.swift; path = Keys.swift; sourceTree = SOURCE_ROOT; };
		93FFD5C7215E7F5D005A469D /* GoogleService-Info.plist */ = {isa = PBXFileReference; fileEncoding = 4; lastKnownFileType = text.plist.xml; path = "GoogleService-Info.plist"; sourceTree = SOURCE_ROOT; };
		93FFD5C9215E7FA8005A469D /* DeviceInspectorViewController.swift */ = {isa = PBXFileReference; fileEncoding = 4; lastKnownFileType = sourcecode.swift; path = DeviceInspectorViewController.swift; sourceTree = "<group>"; };
		93FFD5CB215E7FB7005A469D /* DeviceFunctionTableViewCell.swift */ = {isa = PBXFileReference; fileEncoding = 4; lastKnownFileType = sourcecode.swift; path = DeviceFunctionTableViewCell.swift; sourceTree = "<group>"; };
		93FFD5CD215E7FCA005A469D /* DeviceVariableTableViewCell.swift */ = {isa = PBXFileReference; fileEncoding = 4; lastKnownFileType = sourcecode.swift; path = DeviceVariableTableViewCell.swift; sourceTree = "<group>"; };
		9FC2037DF1D82D5B83B31B58 /* Pods-Particle.release.xcconfig */ = {isa = PBXFileReference; includeInIndex = 1; lastKnownFileType = text.xcconfig; name = "Pods-Particle.release.xcconfig"; path = "Pods/Target Support Files/Pods-Particle/Pods-Particle.release.xcconfig"; sourceTree = "<group>"; };
		C810B000C6D32132595A7F41 /* MeshSetupCreateNetworkNameViewController.swift */ = {isa = PBXFileReference; fileEncoding = 4; lastKnownFileType = sourcecode.swift; path = MeshSetupCreateNetworkNameViewController.swift; sourceTree = "<group>"; };
		C810B11BCA49A4ECBF15A272 /* MeshSetupConnectingToInternetViewControllers.swift */ = {isa = PBXFileReference; fileEncoding = 4; lastKnownFileType = sourcecode.swift; path = MeshSetupConnectingToInternetViewControllers.swift; sourceTree = "<group>"; };
		C810B12F2906E63F800327E1 /* MeshSetupNetworkCreatedViewController.swift */ = {isa = PBXFileReference; fileEncoding = 4; lastKnownFileType = sourcecode.swift; path = MeshSetupNetworkCreatedViewController.swift; sourceTree = "<group>"; };
		C810B144D6FEAB8614A35CFB /* MeshSetupWifiNetworkCell.xib */ = {isa = PBXFileReference; lastKnownFileType = file.xib; path = MeshSetupWifiNetworkCell.xib; sourceTree = "<group>"; };
		C810B2135A9D3D18E382E065 /* MeshSetupInfoViewControllers.swift */ = {isa = PBXFileReference; fileEncoding = 4; lastKnownFileType = sourcecode.swift; path = MeshSetupInfoViewControllers.swift; sourceTree = "<group>"; };
		C810B2A2C9E4F1B4BC7B9BC6 /* MeshSetupInfoViewController.swift */ = {isa = PBXFileReference; fileEncoding = 4; lastKnownFileType = sourcecode.swift; path = MeshSetupInfoViewController.swift; sourceTree = "<group>"; };
		C810B35128237699826532CD /* MeshSetupWifiNetworkPasswordViewController.swift */ = {isa = PBXFileReference; fileEncoding = 4; lastKnownFileType = sourcecode.swift; path = MeshSetupWifiNetworkPasswordViewController.swift; sourceTree = "<group>"; };
		C810B4E9298B8E338B5D6FB9 /* ScanBarcodeViewController.h */ = {isa = PBXFileReference; fileEncoding = 4; lastKnownFileType = sourcecode.c.h; path = ScanBarcodeViewController.h; sourceTree = "<group>"; };
		C810B4F737B7827436F2694E /* MeshScreenUtils.swift */ = {isa = PBXFileReference; fileEncoding = 4; lastKnownFileType = sourcecode.swift; path = MeshScreenUtils.swift; sourceTree = "<group>"; };
		C810B52756160C0789CEB88B /* MeshSetupFirmwareUpdateProgressViewController.swift */ = {isa = PBXFileReference; fileEncoding = 4; lastKnownFileType = sourcecode.swift; path = MeshSetupFirmwareUpdateProgressViewController.swift; sourceTree = "<group>"; };
		C810B53B3FF656161F206C4A /* MeshSetupCreateNetworkPasswordViewController.swift */ = {isa = PBXFileReference; fileEncoding = 4; lastKnownFileType = sourcecode.swift; path = MeshSetupCreateNetworkPasswordViewController.swift; sourceTree = "<group>"; };
		C810B57F9293CD20B706630B /* MeshSetupSelectOrCreateNetworkViewController.swift */ = {isa = PBXFileReference; fileEncoding = 4; lastKnownFileType = sourcecode.swift; path = MeshSetupSelectOrCreateNetworkViewController.swift; sourceTree = "<group>"; };
		C810B61CDAFD8727150FB373 /* MeshSetupPricingInfoViewController.swift */ = {isa = PBXFileReference; fileEncoding = 4; lastKnownFileType = sourcecode.swift; path = MeshSetupPricingInfoViewController.swift; sourceTree = "<group>"; };
		C810B756B2B9F5038244B8B1 /* MeshSetupSelectWifiNetworkViewController.swift */ = {isa = PBXFileReference; fileEncoding = 4; lastKnownFileType = sourcecode.swift; path = MeshSetupSelectWifiNetworkViewController.swift; sourceTree = "<group>"; };
		C810B8843593B1542D03BA54 /* MeshSetupProgressViewController.swift */ = {isa = PBXFileReference; fileEncoding = 4; lastKnownFileType = sourcecode.swift; path = MeshSetupProgressViewController.swift; sourceTree = "<group>"; };
		C810B8D0878C6A9470C14CD8 /* MeshSetupNetworkListViewController.swift */ = {isa = PBXFileReference; fileEncoding = 4; lastKnownFileType = sourcecode.swift; path = MeshSetupNetworkListViewController.swift; sourceTree = "<group>"; };
		C810BB55059C80151EC1FE89 /* MeshSetupCreatingNetworkViewController.swift */ = {isa = PBXFileReference; fileEncoding = 4; lastKnownFileType = sourcecode.swift; path = MeshSetupCreatingNetworkViewController.swift; sourceTree = "<group>"; };
		C810BBF99BF4AC32D496472A /* ScanBarcodeViewController.m */ = {isa = PBXFileReference; fileEncoding = 4; lastKnownFileType = sourcecode.c.objc; path = ScanBarcodeViewController.m; sourceTree = "<group>"; };
		C810BD00BB9C3D20CF1CB23B /* MeshSetupStandAloneOrMeshSetupViewController.swift */ = {isa = PBXFileReference; fileEncoding = 4; lastKnownFileType = sourcecode.swift; path = MeshSetupStandAloneOrMeshSetupViewController.swift; sourceTree = "<group>"; };
		C810BD4A5AD59EE85C510591 /* MeshSetupTextInputViewController.swift */ = {isa = PBXFileReference; fileEncoding = 4; lastKnownFileType = sourcecode.swift; path = MeshSetupTextInputViewController.swift; sourceTree = "<group>"; };
		C810BDA797852B52EAA154A4 /* MeshSetupInfoView.xib */ = {isa = PBXFileReference; lastKnownFileType = file.xib; path = MeshSetupInfoView.xib; sourceTree = "<group>"; };
		C810BDFBB870A452DFE60AD0 /* MeshSetupFirmwareUpdateViewController.swift */ = {isa = PBXFileReference; fileEncoding = 4; lastKnownFileType = sourcecode.swift; path = MeshSetupFirmwareUpdateViewController.swift; sourceTree = "<group>"; };
		C810BF96B80E35D10BB3B8AF /* MeshSetupViewController.swift */ = {isa = PBXFileReference; fileEncoding = 4; lastKnownFileType = sourcecode.swift; path = MeshSetupViewController.swift; sourceTree = "<group>"; };
		C810BFF8D422E5CAA27D1E65 /* LogListViewController.swift */ = {isa = PBXFileReference; fileEncoding = 4; lastKnownFileType = sourcecode.swift; path = LogListViewController.swift; sourceTree = "<group>"; };
		E7C0C34AFCDD482ECAFB8CB1 /* Pods-Particle.debug.xcconfig */ = {isa = PBXFileReference; includeInIndex = 1; lastKnownFileType = text.xcconfig; name = "Pods-Particle.debug.xcconfig"; path = "Pods/Target Support Files/Pods-Particle/Pods-Particle.debug.xcconfig"; sourceTree = "<group>"; };
/* End PBXFileReference section */

/* Begin PBXFrameworksBuildPhase section */
		50B125401AE06CF4003C29DC /* Frameworks */ = {
			isa = PBXFrameworksBuildPhase;
			buildActionMask = 2147483647;
			files = (
				508311461C0E907F009C0161 /* JavaScriptCore.framework in Frameworks */,
				B2F38712C1F74BDA0B4F306B /* libPods-Particle.a in Frameworks */,
			);
			runOnlyForDeploymentPostprocessing = 0;
		};
/* End PBXFrameworksBuildPhase section */

/* Begin PBXGroup section */
		5014D1EE1AE87B7000725BA8 /* ViewControllers */ = {
			isa = PBXGroup;
			children = (
				50B1254A1AE06CF4003C29DC /* WelcomeViewController.swift */,
				5048CD221AE09AD00097150A /* DeviceListViewController.swift */,
				50D47F2B1AFAF1A9004AD3AE /* SPKTinkerViewController.h */,
				50D47F2C1AFAF1A9004AD3AE /* SPKTinkerViewController.m */,
				93FFD5C9215E7FA8005A469D /* DeviceInspectorViewController.swift */,
				507A84BB1D24857F0050B3B6 /* DeviceInspectorChildViewController.swift */,
				507A84B71D23686C0050B3B6 /* DeviceInspectorInfoViewController.swift */,
				501DA8E31D24A5D0003CE43F /* DeviceInspectorDataViewController.swift */,
				50A11F291D2609AA0062BD79 /* DeviceInspectorEventsViewController.swift */,
				5022204A1B1E7F8400387B24 /* WebViewController.swift */,
				500B3A151BF6B7B700D83C92 /* ElectronSetupViewController.swift */,
				502E9BBF1B194DF800D2C45B /* HelpViewController.swift */,
				C810BBF99BF4AC32D496472A /* ScanBarcodeViewController.m */,
				C810B4E9298B8E338B5D6FB9 /* ScanBarcodeViewController.h */,
				C810BFF8D422E5CAA27D1E65 /* LogListViewController.swift */,
			);
			name = ViewControllers;
			sourceTree = "<group>";
		};
		50B1253A1AE06CF4003C29DC = {
			isa = PBXGroup;
			children = (
				931C3773215AA1020014811C /* mbedTLSWrapper.xcodeproj */,
				50CF03C01D93420D0019E3F6 /* Particle.entitlements */,
				50F62D721AE071AF00109F33 /* Assets */,
				50B125451AE06CF4003C29DC /* Particle-Tinker */,
				50B1255B1AE06CF4003C29DC /* Particle-Tinker-Tests */,
				50B125441AE06CF4003C29DC /* Products */,
				9F8A6834C76C6E158FE8EE72 /* Frameworks */,
				B2DA7D15439FDDE60E442D6F /* Pods */,
			);
			sourceTree = "<group>";
		};
		50B125441AE06CF4003C29DC /* Products */ = {
			isa = PBXGroup;
			children = (
				50B125431AE06CF4003C29DC /* Particle.app */,
			);
			name = Products;
			sourceTree = "<group>";
		};
		50B125451AE06CF4003C29DC /* Particle-Tinker */ = {
			isa = PBXGroup;
			children = (
				931C378D215AA3360014811C /* MeshSetup */,
				5014D1EE1AE87B7000725BA8 /* ViewControllers */,
				50EB761D1AE70AE700C925A9 /* Views */,
				50EB76101AE6EE9C00C925A9 /* Models */,
				50B125481AE06CF4003C29DC /* AppDelegate.swift */,
				93FFD5C5215E7F4A005A469D /* Keys.swift */,
				50E5EF141D2DDCA80087C7B6 /* 3rd Party */,
				50B125461AE06CF4003C29DC /* Supporting Files */,
			);
			name = "Particle-Tinker";
			path = "Photon-Tinker";
			sourceTree = "<group>";
		};
		50B125461AE06CF4003C29DC /* Supporting Files */ = {
			isa = PBXGroup;
			children = (
				93FFD5C7215E7F5D005A469D /* GoogleService-Info.plist */,
				50F62D9D1AE0727E00109F33 /* Particle-Bridging-Header.h */,
				50B125471AE06CF4003C29DC /* Info.plist */,
			);
			name = "Supporting Files";
			sourceTree = "<group>";
		};
		50B1255B1AE06CF4003C29DC /* Particle-Tinker-Tests */ = {
			isa = PBXGroup;
			children = (
				50B1255E1AE06CF4003C29DC /* Photon_TinkerTests.swift */,
				50B1255C1AE06CF4003C29DC /* Supporting Files */,
			);
			name = "Particle-Tinker-Tests";
			path = "Photon-TinkerTests";
			sourceTree = "<group>";
		};
		50B1255C1AE06CF4003C29DC /* Supporting Files */ = {
			isa = PBXGroup;
			children = (
				50B1255D1AE06CF4003C29DC /* Info.plist */,
			);
			name = "Supporting Files";
			sourceTree = "<group>";
		};
		50E5EF141D2DDCA80087C7B6 /* 3rd Party */ = {
			isa = PBXGroup;
			children = (
				50E5EF151D2DDCBF0087C7B6 /* ZAlertView */,
			);
			name = "3rd Party";
			path = ..;
			sourceTree = "<group>";
		};
		50E5EF151D2DDCBF0087C7B6 /* ZAlertView */ = {
			isa = PBXGroup;
			children = (
				50E5EF171D2DDCBF0087C7B6 /* UIColor.swift */,
				50E5EF181D2DDCBF0087C7B6 /* UIImage.swift */,
				50E5EF191D2DDCBF0087C7B6 /* ZAlertView.swift */,
			);
			path = ZAlertView;
			sourceTree = "<group>";
		};
		50EB76101AE6EE9C00C925A9 /* Models */ = {
			isa = PBXGroup;
			children = (
				507A84B91D247FFD0050B3B6 /* ParticleUtils.swift */,
				50EB76191AE6F03600C925A9 /* ParticleDevice+pins.h */,
				50EB76121AE6EF2900C925A9 /* ParticleDevice+pins.m */,
				50EB76131AE6EF2900C925A9 /* DevicePin.h */,
				50EB76141AE6EF2900C925A9 /* DevicePin.m */,
			);
			name = Models;
			sourceTree = "<group>";
		};
		50EB761D1AE70AE700C925A9 /* Views */ = {
			isa = PBXGroup;
			children = (
				50BBB1521D1E24D10060659B /* ParticleSpinner.swift */,
				50D47F2E1AFAF56C004AD3AE /* PinView.h */,
				50D47F2F1AFAF56C004AD3AE /* PinView.m */,
				5073D4CA1AFB2E3000068C2A /* PinValueView.h */,
				5073D4CB1AFB2E3000068C2A /* PinValueView.m */,
				5073D4C71AFB14DE00068C2A /* PinFunctionView.h */,
				5073D4C81AFB14DE00068C2A /* PinFunctionView.m */,
				50B659991AFC6A2B00606A39 /* SSPieProgressView.h */,
				50B6599A1AFC6A2B00606A39 /* SSPieProgressView.m */,
				5048CD241AE1C3F90097150A /* DeviceTableViewCell.swift */,
				5097E5251D0A59DA001F33EE /* DeviceDataTableViewCell.swift */,
				93FFD5CB215E7FB7005A469D /* DeviceFunctionTableViewCell.swift */,
				93FFD5CD215E7FCA005A469D /* DeviceVariableTableViewCell.swift */,
				50B0F9B91D261149007DB6D1 /* DeviceEventTableViewCell.swift */,
				50E5EF1E1D2F2CD60087C7B6 /* HelpTableViewCell.swift */,
			);
			name = Views;
			sourceTree = "<group>";
		};
		50F62D721AE071AF00109F33 /* Assets */ = {
			isa = PBXGroup;
			children = (
				93B0F8562182236E00D8F8C0 /* argon_power_on.mov */,
				9309D4E121B9AC1C0010E4B4 /* boron_power_on.mov */,
				93B0F8582182236E00D8F8C0 /* boron_power_on_battery.mov */,
				93B0F8572182236E00D8F8C0 /* commissioner_to_listening_mode.mov */,
				93B0F8592182236F00D8F8C0 /* featherwing_power_on.mov */,
				93B0F85A2182236F00D8F8C0 /* xenon_power_on.mov */,
				9317FC122167F4190054AE24 /* MeshViews */,
				9317FBFD21656C8E0054AE24 /* Avenir Next.ttc */,
				93FFD5BB215E7EFE005A469D /* photon_wifi.mp4 */,
				93FFD5BA215E7EFE005A469D /* electron-tinker.bin */,
				93FFD5BC215E7EFE005A469D /* photon-tinker.bin */,
				93FFD5B9215E7EFE005A469D /* tinker-0.8.0-rc.13-xenon.bin */,
				50B1254F1AE06CF4003C29DC /* Images.xcassets */,
				93FFD597215E7A00005A469D /* MeshSetupImages.xcassets */,
				931C3782215AA2240014811C /* MeshSetup.storyboard */,
				931C3780215AA2240014811C /* MeshSetupStrings.strings */,
				50B1254C1AE06CF4003C29DC /* Main.storyboard */,
				50F62D941AE0721200109F33 /* Fonts */,
			);
			name = Assets;
			sourceTree = "<group>";
		};
		50F62D941AE0721200109F33 /* Fonts */ = {
			isa = PBXGroup;
			children = (
				93FFD5B2215E7ED7005A469D /* FiraMono-Medium.ttf */,
				93FFD5B1215E7ED7005A469D /* FiraMono-Regular.ttf */,
				50F62D951AE0721200109F33 /* Gotham-Book.otf */,
				50F62D961AE0721200109F33 /* Gotham-Medium.otf */,
				50F62D971AE0721200109F33 /* Gotham-XLight.otf */,
				5014D1EF1AE88D0B00725BA8 /* Gotham-Light.otf */,
				50F62D981AE0721200109F33 /* Gotham-XLightIta.otf */,
			);
			name = Fonts;
			path = "Photon-Tinker/Fonts";
			sourceTree = "<group>";
		};
		9317FC122167F4190054AE24 /* MeshViews */ = {
			isa = PBXGroup;
			children = (
				93D36EB7216CD3AA0088000C /* Cells */,
				9317FC132167F42C0054AE24 /* MeshSetupScanStickerView.xib */,
				9317FC15216807200054AE24 /* MeshSetupTextInputView.xib */,
				93D36EAD216CC71E0088000C /* MeshSetupSuccessView.xib */,
				93D36EB1216CC8B60088000C /* MeshSetupNetworkListView.xib */,
				93D36EB3216CC9940088000C /* MeshSetupProgressView.xib */,
				93D36EB5216CCAE10088000C /* MeshSetupPairingView.xib */,
				C810BDA797852B52EAA154A4 /* MeshSetupInfoView.xib */,
			);
			path = MeshViews;
			sourceTree = "<group>";
		};
		931C3774215AA1020014811C /* Products */ = {
			isa = PBXGroup;
			children = (
				931C3779215AA1020014811C /* mbedTLSWrapper.framework */,
				931C377B215AA1020014811C /* mbedTLSWrapperTests.xctest */,
			);
			name = Products;
			sourceTree = "<group>";
		};
		931C378D215AA3360014811C /* MeshSetup */ = {
			isa = PBXGroup;
			children = (
				931C37EB215AA5650014811C /* BLE */,
				931C37E9215AA51E0014811C /* FlowManagers */,
				931C37E8215AA4F10014811C /* ViewControllers */,
				931C378E215AA33D0014811C /* Model */,
				931C37B3215AA42F0014811C /* MeshSetup.swift */,
			);
			name = MeshSetup;
			path = Mesh;
			sourceTree = "<group>";
		};
		931C378E215AA33D0014811C /* Model */ = {
			isa = PBXGroup;
			children = (
				931C378F215AA3510014811C /* ProtoBuffs */,
				931C37B4215AA42F0014811C /* MeshSetupFraming.swift */,
				931C37C3215AA4300014811C /* MeshSetupStyle.swift */,
				9352231A216E34DE00CF8A69 /* MeshSetupFlowHelperDefinitions.swift */,
				931C37C0215AA4300014811C /* MeshStrings.swift */,
			);
			name = Model;
			sourceTree = "<group>";
		};
		931C378F215AA3510014811C /* ProtoBuffs */ = {
			isa = PBXGroup;
			children = (
				93522313216CFD4600CF8A69 /* wifi_new.pb.swift */,
				93522316216CFD4600CF8A69 /* wifi_new.proto */,
				93FFD59D215E7A6F005A469D /* cloud.pb.swift */,
				93FFD5A1215E7A6F005A469D /* cloud.proto */,
				93FFD5A2215E7A6F005A469D /* common.pb.swift */,
				93FFD59C215E7A6F005A469D /* common.proto */,
				93FFD5A0215E7A6F005A469D /* config.pb.swift */,
				93FFD5A3215E7A6F005A469D /* config.proto */,
				93FFD59E215E7A6F005A469D /* mesh.pb.swift */,
				93FFD5A4215E7A6F005A469D /* mesh.proto */,
				93FFD599215E7A6E005A469D /* network.pb.swift */,
				93FFD59A215E7A6F005A469D /* network.proto */,
				93FFD59B215E7A6F005A469D /* storage.pb.swift */,
				93FFD59F215E7A6F005A469D /* storage.proto */,
				93EE6964217917EE005529B4 /* cellular.pb.swift */,
				93EE6965217917EE005529B4 /* cellular.proto */,
			);
			name = ProtoBuffs;
			sourceTree = "<group>";
		};
		931C37E8215AA4F10014811C /* ViewControllers */ = {
			isa = PBXGroup;
			children = (
				C810B6481F30B822962912B8 /* AbstractViewController */,
				931C37EA215AA54E0014811C /* Controls */,
				C810B000C6D32132595A7F41 /* MeshSetupCreateNetworkNameViewController.swift */,
				C810B53B3FF656161F206C4A /* MeshSetupCreateNetworkPasswordViewController.swift */,
				C810BB55059C80151EC1FE89 /* MeshSetupCreatingNetworkViewController.swift */,
				931C37C1215AA4300014811C /* MeshSetupFindCommissionerStickerViewController.swift */,
				931C37C5215AA4300014811C /* MeshSetupFindStickerViewController.swift */,
				C810B52756160C0789CEB88B /* MeshSetupFirmwareUpdateProgressViewController.swift */,
				C810BDFBB870A452DFE60AD0 /* MeshSetupFirmwareUpdateViewController.swift */,
				931C37C4215AA4300014811C /* MeshSetupGetCommissionerReadyViewController.swift */,
				931C37B0215AA42E0014811C /* MeshSetupGetReadyViewController.swift */,
				931C37BF215AA4300014811C /* MeshSetupJoiningNetworkViewController.swift */,
				931C37AE215AA42E0014811C /* MeshSetupNameDeviceViewController.swift */,
				C810B12F2906E63F800327E1 /* MeshSetupNetworkCreatedViewController.swift */,
				931C37BE215AA4300014811C /* MeshSetupNetworkPasswordViewController.swift */,
				931C37B2215AA42F0014811C /* MeshSetupPairingCommissionerProcessViewController.swift */,
				931C37B1215AA42E0014811C /* MeshSetupPairingProcessViewController.swift */,
				931C37AF215AA42E0014811C /* MeshSetupScanCommissionerStickerViewController.swift */,
				931C37C2215AA4300014811C /* MeshSetupScanStickerViewController.swift */,
				931C37BA215AA42F0014811C /* MeshSetupSelectNetworkViewController.swift */,
				C810B57F9293CD20B706630B /* MeshSetupSelectOrCreateNetworkViewController.swift */,
				C810BD00BB9C3D20CF1CB23B /* MeshSetupStandAloneOrMeshSetupViewController.swift */,
				931C37B7215AA42F0014811C /* MeshSetupSuccessViewController.swift */,
				C810B2135A9D3D18E382E065 /* MeshSetupInfoViewControllers.swift */,
				C810B756B2B9F5038244B8B1 /* MeshSetupSelectWifiNetworkViewController.swift */,
				C810B35128237699826532CD /* MeshSetupWifiNetworkPasswordViewController.swift */,
				C810B11BCA49A4ECBF15A272 /* MeshSetupConnectingToInternetViewControllers.swift */,
				C810B61CDAFD8727150FB373 /* MeshSetupPricingInfoViewController.swift */,
			);
			name = ViewControllers;
			sourceTree = "<group>";
		};
		931C37E9215AA51E0014811C /* FlowManagers */ = {
			isa = PBXGroup;
			children = (
				931C37BB215AA42F0014811C /* MeshSetupFlowManager.swift */,
				931C37BD215AA4300014811C /* MeshSetupFlowUIManager.swift */,
			);
			name = FlowManagers;
			sourceTree = "<group>";
		};
		931C37EA215AA54E0014811C /* Controls */ = {
			isa = PBXGroup;
			children = (
				931C37F9215AAB2E0014811C /* Storyboardable.swift */,
				931C37B9215AA42F0014811C /* MeshDeviceCell.swift */,
				C810B4F737B7827436F2694E /* MeshScreenUtils.swift */,
			);
			name = Controls;
			sourceTree = "<group>";
		};
		931C37EB215AA5650014811C /* BLE */ = {
			isa = PBXGroup;
			children = (
				931C37B5215AA42F0014811C /* MeshSetupBluetoothConnection.swift */,
				931C37C8215AA4310014811C /* MeshSetupBluetoothConnectionHandshakeManager.swift */,
				931C37C6215AA4300014811C /* MeshSetupBluetoothConnectionManager.swift */,
				931C37BC215AA42F0014811C /* MeshSetupEncryptionManager.swift */,
				931C37B8215AA42F0014811C /* MeshSetupProtocolTransceiver.swift */,
			);
			name = BLE;
			sourceTree = "<group>";
		};
		93D36EB7216CD3AA0088000C /* Cells */ = {
			isa = PBXGroup;
			children = (
				93D36EB8216CD3C20088000C /* MeshSetupMeshNetworkCell.xib */,
				93D36EBA216CD3DF0088000C /* MeshSetupCreateNetworkCell.xib */,
				C810B144D6FEAB8614A35CFB /* MeshSetupWifiNetworkCell.xib */,
			);
			path = Cells;
			sourceTree = "<group>";
		};
		9F8A6834C76C6E158FE8EE72 /* Frameworks */ = {
			isa = PBXGroup;
			children = (
				508311451C0E907E009C0161 /* JavaScriptCore.framework */,
				8656B063BC705A88C9D1A9B0 /* libPods-Particle.a */,
			);
			name = Frameworks;
			sourceTree = "<group>";
		};
		B2DA7D15439FDDE60E442D6F /* Pods */ = {
			isa = PBXGroup;
			children = (
				E7C0C34AFCDD482ECAFB8CB1 /* Pods-Particle.debug.xcconfig */,
				9FC2037DF1D82D5B83B31B58 /* Pods-Particle.release.xcconfig */,
			);
			name = Pods;
			sourceTree = "<group>";
		};
		C810B6481F30B822962912B8 /* AbstractViewController */ = {
			isa = PBXGroup;
			children = (
				C810BD4A5AD59EE85C510591 /* MeshSetupTextInputViewController.swift */,
				C810B8843593B1542D03BA54 /* MeshSetupProgressViewController.swift */,
				C810BF96B80E35D10BB3B8AF /* MeshSetupViewController.swift */,
				C810B8D0878C6A9470C14CD8 /* MeshSetupNetworkListViewController.swift */,
				C810B2A2C9E4F1B4BC7B9BC6 /* MeshSetupInfoViewController.swift */,
			);
			name = AbstractViewController;
			sourceTree = "<group>";
		};
/* End PBXGroup section */

/* Begin PBXNativeTarget section */
		50B125421AE06CF4003C29DC /* Particle */ = {
			isa = PBXNativeTarget;
			buildConfigurationList = 50B125621AE06CF4003C29DC /* Build configuration list for PBXNativeTarget "Particle" */;
			buildPhases = (
				6C888492D5EE51B2AD3827F8 /* [CP] Check Pods Manifest.lock */,
				50B1253F1AE06CF4003C29DC /* Sources */,
				50B125401AE06CF4003C29DC /* Frameworks */,
				50B125411AE06CF4003C29DC /* Resources */,
				50E5EF201D349D450087C7B6 /* Run Script */,
				931C37F7215AAADE0014811C /* CopyFiles */,
				4061BE20097F170B9053B6D9 /* [CP] Copy Pods Resources */,
				F2F0CCCB7BA13C430642B444 /* [CP] Embed Pods Frameworks */,
			);
			buildRules = (
			);
			dependencies = (
			);
			name = Particle;
			productName = "Photon-Tinker";
			productReference = 50B125431AE06CF4003C29DC /* Particle.app */;
			productType = "com.apple.product-type.application";
		};
/* End PBXNativeTarget section */

/* Begin PBXProject section */
		50B1253B1AE06CF4003C29DC /* Project object */ = {
			isa = PBXProject;
			attributes = {
				LastSwiftMigration = 0710;
				LastSwiftUpdateCheck = 0710;
				LastUpgradeCheck = 0800;
				ORGANIZATIONNAME = spark;
				TargetAttributes = {
					50B125421AE06CF4003C29DC = {
						CreatedOnToolsVersion = 6.3;
						DevelopmentTeam = TNJ67X9MQD;
						LastSwiftMigration = 0930;
						ProvisioningStyle = Automatic;
						SystemCapabilities = {
							com.apple.AccessWiFi = {
								enabled = 1;
							};
							com.apple.Keychain = {
								enabled = 1;
							};
							com.apple.SafariKeychain = {
								enabled = 1;
							};
						};
					};
				};
			};
			buildConfigurationList = 50B1253E1AE06CF4003C29DC /* Build configuration list for PBXProject "Particle" */;
			compatibilityVersion = "Xcode 3.2";
			developmentRegion = English;
			hasScannedForEncodings = 0;
			knownRegions = (
				en,
				Base,
			);
			mainGroup = 50B1253A1AE06CF4003C29DC;
			productRefGroup = 50B125441AE06CF4003C29DC /* Products */;
			projectDirPath = "";
			projectReferences = (
				{
					ProductGroup = 931C3774215AA1020014811C /* Products */;
					ProjectRef = 931C3773215AA1020014811C /* mbedTLSWrapper.xcodeproj */;
				},
			);
			projectRoot = "";
			targets = (
				50B125421AE06CF4003C29DC /* Particle */,
			);
		};
/* End PBXProject section */

/* Begin PBXReferenceProxy section */
		931C3779215AA1020014811C /* mbedTLSWrapper.framework */ = {
			isa = PBXReferenceProxy;
			fileType = wrapper.framework;
			path = mbedTLSWrapper.framework;
			remoteRef = 931C3778215AA1020014811C /* PBXContainerItemProxy */;
			sourceTree = BUILT_PRODUCTS_DIR;
		};
		931C377B215AA1020014811C /* mbedTLSWrapperTests.xctest */ = {
			isa = PBXReferenceProxy;
			fileType = wrapper.cfbundle;
			path = mbedTLSWrapperTests.xctest;
			remoteRef = 931C377A215AA1020014811C /* PBXContainerItemProxy */;
			sourceTree = BUILT_PRODUCTS_DIR;
		};
/* End PBXReferenceProxy section */

/* Begin PBXResourcesBuildPhase section */
		50B125411AE06CF4003C29DC /* Resources */ = {
			isa = PBXResourcesBuildPhase;
			buildActionMask = 2147483647;
			files = (
				50B555DD216EB3F100146A1E /* Particle.entitlements in Resources */,
				93D36EB2216CC8B60088000C /* MeshSetupNetworkListView.xib in Resources */,
				9317FC0021656C9D0054AE24 /* Avenir Next.ttc in Resources */,
				93FFD5B3215E7EDB005A469D /* FiraMono-Medium.ttf in Resources */,
				93B0F85D2182236F00D8F8C0 /* commissioner_to_listening_mode.mov in Resources */,
				93D36EBB216CD3DF0088000C /* MeshSetupCreateNetworkCell.xib in Resources */,
				50F62D9C1AE0721200109F33 /* Gotham-XLightIta.otf in Resources */,
				9317FC16216807200054AE24 /* MeshSetupTextInputView.xib in Resources */,
				50B1254E1AE06CF4003C29DC /* Main.storyboard in Resources */,
				93FFD5B4215E7EDB005A469D /* FiraMono-Regular.ttf in Resources */,
				50F62D991AE0721200109F33 /* Gotham-Book.otf in Resources */,
				5014D1F01AE88D0B00725BA8 /* Gotham-Light.otf in Resources */,
				9309D4E221B9AC1D0010E4B4 /* boron_power_on.mov in Resources */,
				93D36EAE216CC71E0088000C /* MeshSetupSuccessView.xib in Resources */,
				931C3784215AA2240014811C /* MeshSetupStrings.strings in Resources */,
				93D36EB6216CCAE10088000C /* MeshSetupPairingView.xib in Resources */,
				5055653E1AF2D3150099F493 /* Gotham-XLight.otf in Resources */,
				93FFD5C3215E7EFF005A469D /* photon_wifi.mp4 in Resources */,
				93FFD5C1215E7EFF005A469D /* tinker-0.8.0-rc.13-xenon.bin in Resources */,
				93B0F85C2182236F00D8F8C0 /* argon_power_on.mov in Resources */,
				93B0F85F2182236F00D8F8C0 /* featherwing_power_on.mov in Resources */,
				50B125501AE06CF4003C29DC /* Images.xcassets in Resources */,
				93D36EB4216CC9940088000C /* MeshSetupProgressView.xib in Resources */,
				93FFD5C2215E7EFF005A469D /* electron-tinker.bin in Resources */,
				9317FC142167F42C0054AE24 /* MeshSetupScanStickerView.xib in Resources */,
				50F62D9A1AE0721200109F33 /* Gotham-Medium.otf in Resources */,
				93FFD5C4215E7EFF005A469D /* photon-tinker.bin in Resources */,
				93FFD598215E7A01005A469D /* MeshSetupImages.xcassets in Resources */,
				931C3785215AA2240014811C /* MeshSetup.storyboard in Resources */,
				93FFD5C8215E7F5D005A469D /* GoogleService-Info.plist in Resources */,
				93B0F85E2182236F00D8F8C0 /* boron_power_on_battery.mov in Resources */,
				93D36EB9216CD3C20088000C /* MeshSetupMeshNetworkCell.xib in Resources */,
				C810B18620497AAC8EF99E79 /* MeshSetupInfoView.xib in Resources */,
				93B0F8602182236F00D8F8C0 /* xenon_power_on.mov in Resources */,
				C810B4F84F91FF574E316EDC /* MeshSetupWifiNetworkCell.xib in Resources */,
			);
			runOnlyForDeploymentPostprocessing = 0;
		};
/* End PBXResourcesBuildPhase section */

/* Begin PBXShellScriptBuildPhase section */
		4061BE20097F170B9053B6D9 /* [CP] Copy Pods Resources */ = {
			isa = PBXShellScriptBuildPhase;
			buildActionMask = 2147483647;
			files = (
			);
			inputPaths = (
				"${SRCROOT}/Pods/Target Support Files/Pods-Particle/Pods-Particle-resources.sh",
				"${PODS_CONFIGURATION_BUILD_DIR}/1PasswordExtension/OnePasswordExtensionResources.bundle",
				"${PODS_ROOT}/DateTools/DateTools/DateTools/DateTools.bundle",
				"${PODS_ROOT}/IQKeyboardManager/IQKeyboardManager/Resources/IQKeyboardManager.bundle",
				"${PODS_CONFIGURATION_BUILD_DIR}/ParticleSetup/ParticleSetup.bundle",
				"${PODS_ROOT}/PullToRefreshCoreText/PullToRefreshCoreText/PullToRefreshCoreText/Mask.png",
				"${PODS_ROOT}/RMessage/RMessage/Resources/RMessageView.xib",
				"${PODS_ROOT}/RMessage/RMessage/Assets/Icons.xcassets/Contents.json",
				"${PODS_ROOT}/RMessage/RMessage/Assets/Icons.xcassets/NotificationBackgroundErrorIcon.imageset/Contents.json",
				"${PODS_ROOT}/RMessage/RMessage/Assets/Icons.xcassets/NotificationBackgroundErrorIcon.imageset/NotificationBackgroundErrorIcon.png",
				"${PODS_ROOT}/RMessage/RMessage/Assets/Icons.xcassets/NotificationBackgroundErrorIcon.imageset/NotificationBackgroundErrorIcon@2x.png",
				"${PODS_ROOT}/RMessage/RMessage/Assets/Icons.xcassets/NotificationBackgroundSuccessIcon.imageset/Contents.json",
				"${PODS_ROOT}/RMessage/RMessage/Assets/Icons.xcassets/NotificationBackgroundSuccessIcon.imageset/NotificationBackgroundSuccessIcon.png",
				"${PODS_ROOT}/RMessage/RMessage/Assets/Icons.xcassets/NotificationBackgroundSuccessIcon.imageset/NotificationBackgroundSuccessIcon@2x.png",
				"${PODS_ROOT}/RMessage/RMessage/Assets/Icons.xcassets/NotificationBackgroundWarningIcon.imageset/Contents.json",
				"${PODS_ROOT}/RMessage/RMessage/Assets/Icons.xcassets/NotificationBackgroundWarningIcon.imageset/NotificationBackgroundWarningIcon.png",
				"${PODS_ROOT}/RMessage/RMessage/Assets/Icons.xcassets/NotificationBackgroundWarningIcon.imageset/NotificationBackgroundWarningIcon@2x.png",
				"${PODS_ROOT}/RMessage/RMessage/Assets/Icons.xcassets/NotificationButtonBackground.imageset/Contents.json",
				"${PODS_ROOT}/RMessage/RMessage/Assets/Icons.xcassets/NotificationButtonBackground.imageset/NotificationButtonBackground.png",
				"${PODS_ROOT}/RMessage/RMessage/Assets/Icons.xcassets/NotificationButtonBackground.imageset/NotificationButtonBackground@2x.png",
				"${PODS_ROOT}/RMessage/RMessage/Assets/RMessageDefaultDesign.json",
				"${PODS_ROOT}/YCTutorialBox/YCTutorialBox.xib",
			);
			name = "[CP] Copy Pods Resources";
			outputPaths = (
				"${TARGET_BUILD_DIR}/${UNLOCALIZED_RESOURCES_FOLDER_PATH}/OnePasswordExtensionResources.bundle",
				"${TARGET_BUILD_DIR}/${UNLOCALIZED_RESOURCES_FOLDER_PATH}/DateTools.bundle",
				"${TARGET_BUILD_DIR}/${UNLOCALIZED_RESOURCES_FOLDER_PATH}/IQKeyboardManager.bundle",
				"${TARGET_BUILD_DIR}/${UNLOCALIZED_RESOURCES_FOLDER_PATH}/ParticleSetup.bundle",
				"${TARGET_BUILD_DIR}/${UNLOCALIZED_RESOURCES_FOLDER_PATH}/Mask.png",
				"${TARGET_BUILD_DIR}/${UNLOCALIZED_RESOURCES_FOLDER_PATH}/RMessageView.nib",
				"${TARGET_BUILD_DIR}/${UNLOCALIZED_RESOURCES_FOLDER_PATH}/Contents.json",
				"${TARGET_BUILD_DIR}/${UNLOCALIZED_RESOURCES_FOLDER_PATH}/NotificationBackgroundErrorIcon.png",
				"${TARGET_BUILD_DIR}/${UNLOCALIZED_RESOURCES_FOLDER_PATH}/NotificationBackgroundErrorIcon@2x.png",
				"${TARGET_BUILD_DIR}/${UNLOCALIZED_RESOURCES_FOLDER_PATH}/NotificationBackgroundSuccessIcon.png",
				"${TARGET_BUILD_DIR}/${UNLOCALIZED_RESOURCES_FOLDER_PATH}/NotificationBackgroundSuccessIcon@2x.png",
				"${TARGET_BUILD_DIR}/${UNLOCALIZED_RESOURCES_FOLDER_PATH}/NotificationBackgroundWarningIcon.png",
				"${TARGET_BUILD_DIR}/${UNLOCALIZED_RESOURCES_FOLDER_PATH}/NotificationBackgroundWarningIcon@2x.png",
				"${TARGET_BUILD_DIR}/${UNLOCALIZED_RESOURCES_FOLDER_PATH}/NotificationButtonBackground.png",
				"${TARGET_BUILD_DIR}/${UNLOCALIZED_RESOURCES_FOLDER_PATH}/NotificationButtonBackground@2x.png",
				"${TARGET_BUILD_DIR}/${UNLOCALIZED_RESOURCES_FOLDER_PATH}/RMessageDefaultDesign.json",
				"${TARGET_BUILD_DIR}/${UNLOCALIZED_RESOURCES_FOLDER_PATH}/YCTutorialBox.nib",
			);
			runOnlyForDeploymentPostprocessing = 0;
			shellPath = /bin/sh;
			shellScript = "\"${SRCROOT}/Pods/Target Support Files/Pods-Particle/Pods-Particle-resources.sh\"\n";
			showEnvVarsInLog = 0;
		};
		50E5EF201D349D450087C7B6 /* Run Script */ = {
			isa = PBXShellScriptBuildPhase;
			buildActionMask = 2147483647;
			files = (
			);
			inputPaths = (
			);
			name = "Run Script";
			outputPaths = (
			);
			runOnlyForDeploymentPostprocessing = 0;
			shellPath = /bin/sh;
			shellScript = "\"${PODS_ROOT}/Fabric/run\" 405c4e8f70f820af48bc987dfee44ed465b1ab96 310129b7f7ad8668c52c28f31881750b85da9c6da0436b17001db72b76a62444\n";
		};
		6C888492D5EE51B2AD3827F8 /* [CP] Check Pods Manifest.lock */ = {
			isa = PBXShellScriptBuildPhase;
			buildActionMask = 2147483647;
			files = (
			);
			inputPaths = (
				"${PODS_PODFILE_DIR_PATH}/Podfile.lock",
				"${PODS_ROOT}/Manifest.lock",
			);
			name = "[CP] Check Pods Manifest.lock";
			outputPaths = (
				"$(DERIVED_FILE_DIR)/Pods-Particle-checkManifestLockResult.txt",
			);
			runOnlyForDeploymentPostprocessing = 0;
			shellPath = /bin/sh;
			shellScript = "diff \"${PODS_PODFILE_DIR_PATH}/Podfile.lock\" \"${PODS_ROOT}/Manifest.lock\" > /dev/null\nif [ $? != 0 ] ; then\n    # print error to STDERR\n    echo \"error: The sandbox is not in sync with the Podfile.lock. Run 'pod install' or update your CocoaPods installation.\" >&2\n    exit 1\nfi\n# This output is used by Xcode 'outputs' to avoid re-running this script phase.\necho \"SUCCESS\" > \"${SCRIPT_OUTPUT_FILE_0}\"\n";
			showEnvVarsInLog = 0;
		};
		F2F0CCCB7BA13C430642B444 /* [CP] Embed Pods Frameworks */ = {
			isa = PBXShellScriptBuildPhase;
			buildActionMask = 2147483647;
			files = (
			);
			inputPaths = (
				"${SRCROOT}/Pods/Target Support Files/Pods-Particle/Pods-Particle-frameworks.sh",
				"${PODS_ROOT}/Reveal-SDK/RevealServer-20/iOS/RevealServer.framework",
			);
			name = "[CP] Embed Pods Frameworks";
			outputPaths = (
				"${TARGET_BUILD_DIR}/${FRAMEWORKS_FOLDER_PATH}/RevealServer.framework",
			);
			runOnlyForDeploymentPostprocessing = 0;
			shellPath = /bin/sh;
			shellScript = "\"${SRCROOT}/Pods/Target Support Files/Pods-Particle/Pods-Particle-frameworks.sh\"\n";
			showEnvVarsInLog = 0;
		};
/* End PBXShellScriptBuildPhase section */

/* Begin PBXSourcesBuildPhase section */
		50B1253F1AE06CF4003C29DC /* Sources */ = {
			isa = PBXSourcesBuildPhase;
			buildActionMask = 2147483647;
			files = (
				931C37D1215AA4310014811C /* MeshSetupBluetoothConnection.swift in Sources */,
				931C37E0215AA4310014811C /* MeshSetupGetCommissionerReadyViewController.swift in Sources */,
				507A84B81D23686C0050B3B6 /* DeviceInspectorInfoViewController.swift in Sources */,
				50B6599B1AFC6A2B00606A39 /* SSPieProgressView.m in Sources */,
				502E9BC01B194DF800D2C45B /* HelpViewController.swift in Sources */,
				501DA8E41D24A5D0003CE43F /* DeviceInspectorDataViewController.swift in Sources */,
				50E5EF1B1D2DDCBF0087C7B6 /* UIColor.swift in Sources */,
				5048CD231AE09AD00097150A /* DeviceListViewController.swift in Sources */,
				5097E5261D0A59DA001F33EE /* DeviceDataTableViewCell.swift in Sources */,
				5073D4C91AFB14DE00068C2A /* PinFunctionView.m in Sources */,
				50B1254B1AE06CF4003C29DC /* WelcomeViewController.swift in Sources */,
				931C37D9215AA4310014811C /* MeshSetupFlowUIManager.swift in Sources */,
				50D47F2D1AFAF1A9004AD3AE /* SPKTinkerViewController.m in Sources */,
				507A84BA1D247FFD0050B3B6 /* ParticleUtils.swift in Sources */,
				931C37CE215AA4310014811C /* MeshSetupPairingCommissionerProcessViewController.swift in Sources */,
				5073D4CC1AFB2E3000068C2A /* PinValueView.m in Sources */,
				931C37DA215AA4310014811C /* MeshSetupNetworkPasswordViewController.swift in Sources */,
				50BBB1531D1E24D10060659B /* ParticleSpinner.swift in Sources */,
				50B125491AE06CF4003C29DC /* AppDelegate.swift in Sources */,
				931C37CA215AA4310014811C /* MeshSetupNameDeviceViewController.swift in Sources */,
				931C37E1215AA4310014811C /* MeshSetupFindStickerViewController.swift in Sources */,
				931C37E2215AA4310014811C /* MeshSetupBluetoothConnectionManager.swift in Sources */,
				50A11F2A1D2609AA0062BD79 /* DeviceInspectorEventsViewController.swift in Sources */,
				50E5EF1F1D2F2CD60087C7B6 /* HelpTableViewCell.swift in Sources */,
				500B3A161BF6B7B700D83C92 /* ElectronSetupViewController.swift in Sources */,
				931C37DB215AA4310014811C /* MeshSetupJoiningNetworkViewController.swift in Sources */,
				931C37D8215AA4310014811C /* MeshSetupEncryptionManager.swift in Sources */,
				9352231B216E34DE00CF8A69 /* MeshSetupFlowHelperDefinitions.swift in Sources */,
				931C37CD215AA4310014811C /* MeshSetupPairingProcessViewController.swift in Sources */,
				931C37D4215AA4310014811C /* MeshSetupProtocolTransceiver.swift in Sources */,
				5048CD251AE1C3F90097150A /* DeviceTableViewCell.swift in Sources */,
				93FFD5C6215E7F4B005A469D /* Keys.swift in Sources */,
				50E5EF1C1D2DDCBF0087C7B6 /* UIImage.swift in Sources */,
				93FFD5A9215E7A6F005A469D /* cloud.pb.swift in Sources */,
				93FFD5A5215E7A6F005A469D /* network.pb.swift in Sources */,
				931C37D6215AA4310014811C /* MeshSetupSelectNetworkViewController.swift in Sources */,
				50EB76151AE6EF2900C925A9 /* ParticleDevice+pins.m in Sources */,
				93FFD5CE215E7FCA005A469D /* DeviceVariableTableViewCell.swift in Sources */,
				931C37CC215AA4310014811C /* MeshSetupGetReadyViewController.swift in Sources */,
				507A84BC1D24857F0050B3B6 /* DeviceInspectorChildViewController.swift in Sources */,
				93FFD5AE215E7A6F005A469D /* common.pb.swift in Sources */,
				5022204B1B1E7F8400387B24 /* WebViewController.swift in Sources */,
				50D47F301AFAF56C004AD3AE /* PinView.m in Sources */,
				50B0F9BA1D261149007DB6D1 /* DeviceEventTableViewCell.swift in Sources */,
				931C37FA215AAB2E0014811C /* Storyboardable.swift in Sources */,
				931C37E4215AA4310014811C /* MeshSetupBluetoothConnectionHandshakeManager.swift in Sources */,
				93FFD5AC215E7A6F005A469D /* config.pb.swift in Sources */,
				93FFD5CA215E7FA9005A469D /* DeviceInspectorViewController.swift in Sources */,
				93522317216CFD4600CF8A69 /* wifi_new.pb.swift in Sources */,
				50EB76161AE6EF2900C925A9 /* DevicePin.m in Sources */,
				931C37DC215AA4310014811C /* MeshStrings.swift in Sources */,
				931C37D7215AA4310014811C /* MeshSetupFlowManager.swift in Sources */,
				931C37D0215AA4310014811C /* MeshSetupFraming.swift in Sources */,
				50E5EF1D1D2DDCBF0087C7B6 /* ZAlertView.swift in Sources */,
				931C37D5215AA4310014811C /* MeshDeviceCell.swift in Sources */,
				931C37DF215AA4310014811C /* MeshSetupStyle.swift in Sources */,
				931C37DE215AA4310014811C /* MeshSetupScanStickerViewController.swift in Sources */,
				93EE6966217917EE005529B4 /* cellular.pb.swift in Sources */,
				931C37CF215AA4310014811C /* MeshSetup.swift in Sources */,
				931C37D3215AA4310014811C /* MeshSetupSuccessViewController.swift in Sources */,
				93FFD5A7215E7A6F005A469D /* storage.pb.swift in Sources */,
				93FFD5CC215E7FB7005A469D /* DeviceFunctionTableViewCell.swift in Sources */,
				931C37DD215AA4310014811C /* MeshSetupFindCommissionerStickerViewController.swift in Sources */,
				931C37CB215AA4310014811C /* MeshSetupScanCommissionerStickerViewController.swift in Sources */,
				C810B777D7B8F9B7157D6D0B /* MeshSetupTextInputViewController.swift in Sources */,
				C810B6B490B3E0F0DEE3A09E /* MeshSetupProgressViewController.swift in Sources */,
				C810BA6340DA15524FDDA962 /* ScanBarcodeViewController.m in Sources */,
				C810BA5F90B06FCDCF3F21BA /* MeshSetupCreatingNetworkViewController.swift in Sources */,
				C810BE60B24E156C4C7E55CC /* MeshSetupCreateNetworkNameViewController.swift in Sources */,
				C810B1F59C14C1DF6729D6B2 /* MeshSetupCreateNetworkPasswordViewController.swift in Sources */,
				93FFD5AA215E7A6F005A469D /* mesh.pb.swift in Sources */,
				C810BD5F76DCCD2C74472949 /* MeshSetupNetworkCreatedViewController.swift in Sources */,
				C810B6C51E6C09579DB3C318 /* MeshSetupSelectOrCreateNetworkViewController.swift in Sources */,
				C810BBC203E5ADA114BB4831 /* MeshSetupViewController.swift in Sources */,
				C810B1CD597F61237C015344 /* MeshScreenUtils.swift in Sources */,
				C810BA6D41F43204736E6512 /* MeshSetupNetworkListViewController.swift in Sources */,
				C810B3241C5AEA9FE0273D8A /* MeshSetupFirmwareUpdateViewController.swift in Sources */,
				C810B570E40A50EBA524D8A8 /* MeshSetupFirmwareUpdateProgressViewController.swift in Sources */,
				C810BEE1EA84551AB5C1B56F /* MeshSetupStandAloneOrMeshSetupViewController.swift in Sources */,
				C810B8CAFDD632F1B0E587C4 /* MeshSetupInfoViewController.swift in Sources */,
				C810B7796877EC207CAEBE48 /* MeshSetupInfoViewControllers.swift in Sources */,
				C810BBDCF3C37E4E5BB24613 /* MeshSetupSelectWifiNetworkViewController.swift in Sources */,
				C810BDA4D0D091E67587C94D /* MeshSetupWifiNetworkPasswordViewController.swift in Sources */,
				C810B57D6A8BC308730D1761 /* MeshSetupConnectingToInternetViewControllers.swift in Sources */,
				C810B6F1E2651913E90CE4A6 /* MeshSetupPricingInfoViewController.swift in Sources */,
				C810B2D9ECD474E60DFA4A74 /* LogListViewController.swift in Sources */,
			);
			runOnlyForDeploymentPostprocessing = 0;
		};
/* End PBXSourcesBuildPhase section */

/* Begin PBXVariantGroup section */
		50B1254C1AE06CF4003C29DC /* Main.storyboard */ = {
			isa = PBXVariantGroup;
			children = (
				50B1254D1AE06CF4003C29DC /* Base */,
			);
			name = Main.storyboard;
			path = "Photon-Tinker";
			sourceTree = "<group>";
		};
		931C3780215AA2240014811C /* MeshSetupStrings.strings */ = {
			isa = PBXVariantGroup;
			children = (
				931C3781215AA2240014811C /* Base */,
			);
			name = MeshSetupStrings.strings;
			sourceTree = "<group>";
		};
		931C3782215AA2240014811C /* MeshSetup.storyboard */ = {
			isa = PBXVariantGroup;
			children = (
				931C3783215AA2240014811C /* Base */,
			);
			name = MeshSetup.storyboard;
			sourceTree = "<group>";
		};
/* End PBXVariantGroup section */

/* Begin XCBuildConfiguration section */
		50B125601AE06CF4003C29DC /* Debug */ = {
			isa = XCBuildConfiguration;
			buildSettings = {
				ALWAYS_SEARCH_USER_PATHS = NO;
				CLANG_CXX_LANGUAGE_STANDARD = "gnu++0x";
				CLANG_CXX_LIBRARY = "libc++";
				CLANG_ENABLE_MODULES = YES;
				CLANG_ENABLE_OBJC_ARC = YES;
				CLANG_WARN_BOOL_CONVERSION = YES;
				CLANG_WARN_CONSTANT_CONVERSION = YES;
				CLANG_WARN_DIRECT_OBJC_ISA_USAGE = YES_ERROR;
				CLANG_WARN_EMPTY_BODY = YES;
				CLANG_WARN_ENUM_CONVERSION = YES;
				CLANG_WARN_INFINITE_RECURSION = YES;
				CLANG_WARN_INT_CONVERSION = YES;
				CLANG_WARN_OBJC_ROOT_CLASS = YES_ERROR;
				CLANG_WARN_SUSPICIOUS_MOVE = YES;
				CLANG_WARN_UNREACHABLE_CODE = YES;
				CLANG_WARN__DUPLICATE_METHOD_MATCH = YES;
				CODE_SIGN_IDENTITY = "iPhone Developer";
				"CODE_SIGN_IDENTITY[sdk=iphoneos*]" = "iPhone Developer";
				COPY_PHASE_STRIP = NO;
				DEBUG_INFORMATION_FORMAT = "dwarf-with-dsym";
				ENABLE_STRICT_OBJC_MSGSEND = YES;
				ENABLE_TESTABILITY = YES;
				GCC_C_LANGUAGE_STANDARD = gnu99;
				GCC_DYNAMIC_NO_PIC = NO;
				GCC_NO_COMMON_BLOCKS = YES;
				GCC_OPTIMIZATION_LEVEL = 0;
				GCC_PREPROCESSOR_DEFINITIONS = (
					"DEBUG=1",
					"$(inherited)",
				);
				GCC_SYMBOLS_PRIVATE_EXTERN = NO;
				GCC_WARN_64_TO_32_BIT_CONVERSION = YES;
				GCC_WARN_ABOUT_RETURN_TYPE = YES_ERROR;
				GCC_WARN_UNDECLARED_SELECTOR = YES;
				GCC_WARN_UNINITIALIZED_AUTOS = YES_AGGRESSIVE;
				GCC_WARN_UNUSED_FUNCTION = YES;
				GCC_WARN_UNUSED_VARIABLE = YES;
				IPHONEOS_DEPLOYMENT_TARGET = 8.0;
				MTL_ENABLE_DEBUG_INFO = YES;
				ONLY_ACTIVE_ARCH = YES;
				SDKROOT = iphoneos;
				SWIFT_OPTIMIZATION_LEVEL = "-Onone";
				TARGETED_DEVICE_FAMILY = "1,2";
			};
			name = Debug;
		};
		50B125611AE06CF4003C29DC /* Release */ = {
			isa = XCBuildConfiguration;
			buildSettings = {
				ALWAYS_SEARCH_USER_PATHS = NO;
				CLANG_CXX_LANGUAGE_STANDARD = "gnu++0x";
				CLANG_CXX_LIBRARY = "libc++";
				CLANG_ENABLE_MODULES = YES;
				CLANG_ENABLE_OBJC_ARC = YES;
				CLANG_WARN_BOOL_CONVERSION = YES;
				CLANG_WARN_CONSTANT_CONVERSION = YES;
				CLANG_WARN_DIRECT_OBJC_ISA_USAGE = YES_ERROR;
				CLANG_WARN_EMPTY_BODY = YES;
				CLANG_WARN_ENUM_CONVERSION = YES;
				CLANG_WARN_INFINITE_RECURSION = YES;
				CLANG_WARN_INT_CONVERSION = YES;
				CLANG_WARN_OBJC_ROOT_CLASS = YES_ERROR;
				CLANG_WARN_SUSPICIOUS_MOVE = YES;
				CLANG_WARN_UNREACHABLE_CODE = YES;
				CLANG_WARN__DUPLICATE_METHOD_MATCH = YES;
				CODE_SIGN_IDENTITY = "iPhone Distribution";
				"CODE_SIGN_IDENTITY[sdk=iphoneos*]" = "iPhone Distribution";
				COPY_PHASE_STRIP = NO;
				DEBUG_INFORMATION_FORMAT = "dwarf-with-dsym";
				ENABLE_NS_ASSERTIONS = NO;
				ENABLE_STRICT_OBJC_MSGSEND = YES;
				GCC_C_LANGUAGE_STANDARD = gnu99;
				GCC_NO_COMMON_BLOCKS = YES;
				GCC_WARN_64_TO_32_BIT_CONVERSION = YES;
				GCC_WARN_ABOUT_RETURN_TYPE = YES_ERROR;
				GCC_WARN_UNDECLARED_SELECTOR = YES;
				GCC_WARN_UNINITIALIZED_AUTOS = YES_AGGRESSIVE;
				GCC_WARN_UNUSED_FUNCTION = YES;
				GCC_WARN_UNUSED_VARIABLE = YES;
				IPHONEOS_DEPLOYMENT_TARGET = 8.0;
				MTL_ENABLE_DEBUG_INFO = NO;
				PROVISIONING_PROFILE = "158e6e37-8e30-41ec-ad98-c4e4879a5770";
				SDKROOT = iphoneos;
				SWIFT_OPTIMIZATION_LEVEL = "-Owholemodule";
				TARGETED_DEVICE_FAMILY = "1,2";
				VALIDATE_PRODUCT = YES;
			};
			name = Release;
		};
		50B125631AE06CF4003C29DC /* Debug */ = {
			isa = XCBuildConfiguration;
			baseConfigurationReference = E7C0C34AFCDD482ECAFB8CB1 /* Pods-Particle.debug.xcconfig */;
			buildSettings = {
				ASSETCATALOG_COMPILER_APPICON_NAME = AppIcon;
				ASSETCATALOG_COMPILER_LAUNCHIMAGE_NAME = LaunchImage;
				BUILD_VARIANTS = normal;
				CODE_SIGN_ENTITLEMENTS = Particle.entitlements;
				CODE_SIGN_IDENTITY = "iPhone Developer";
				"CODE_SIGN_IDENTITY[sdk=iphoneos*]" = "iPhone Developer";
				CODE_SIGN_STYLE = Automatic;
				CURRENT_PROJECT_VERSION = 20;
				DEVELOPMENT_TEAM = TNJ67X9MQD;
				ENABLE_BITCODE = YES;
				INFOPLIST_FILE = "Photon-Tinker/Info.plist";
				IPHONEOS_DEPLOYMENT_TARGET = 9.0;
				LD_RUNPATH_SEARCH_PATHS = "$(inherited) @executable_path/Frameworks";
				OTHER_SWIFT_FLAGS = "$(inherited) -Xcc -fmodule-map-file=\"${PODS_CONFIGURATION_BUILD_DIR}/SwiftProtobuf/SwiftProtobuf.modulemap\" $(inherited) \"-D\" \"COCOAPODS\" \"-D\" \"DEBUG\"";
				PRODUCT_BUNDLE_IDENTIFIER = io.particle.Particle;
				PRODUCT_NAME = Particle;
				PROVISIONING_PROFILE = "";
				PROVISIONING_PROFILE_SPECIFIER = "";
				SWIFT_OBJC_BRIDGING_HEADER = "Photon-Tinker/Particle-Bridging-Header.h";
				SWIFT_SWIFT3_OBJC_INFERENCE = On;
				SWIFT_VERSION = 4.1;
				TARGETED_DEVICE_FAMILY = 1;
				VALID_ARCHS = "$(ARCHS_STANDARD)";
				VERSIONING_SYSTEM = "apple-generic";
			};
			name = Debug;
		};
		50B125641AE06CF4003C29DC /* Release */ = {
			isa = XCBuildConfiguration;
			baseConfigurationReference = 9FC2037DF1D82D5B83B31B58 /* Pods-Particle.release.xcconfig */;
			buildSettings = {
				ASSETCATALOG_COMPILER_APPICON_NAME = AppIcon;
				ASSETCATALOG_COMPILER_LAUNCHIMAGE_NAME = LaunchImage;
				BUILD_VARIANTS = normal;
				CODE_SIGN_ENTITLEMENTS = Particle.entitlements;
				CODE_SIGN_IDENTITY = "iPhone Developer";
				"CODE_SIGN_IDENTITY[sdk=iphoneos*]" = "iPhone Developer";
				CODE_SIGN_STYLE = Automatic;
				CURRENT_PROJECT_VERSION = 20;
				DEVELOPMENT_TEAM = TNJ67X9MQD;
				ENABLE_BITCODE = YES;
				INFOPLIST_FILE = "Photon-Tinker/Info.plist";
				IPHONEOS_DEPLOYMENT_TARGET = 9.0;
				LD_RUNPATH_SEARCH_PATHS = "$(inherited) @executable_path/Frameworks";
				OTHER_SWIFT_FLAGS = "$(inherited) -Xcc -fmodule-map-file=\"${PODS_CONFIGURATION_BUILD_DIR}/SwiftProtobuf/SwiftProtobuf.modulemap\" $(inherited) \"-D\" \"COCOAPODS\"";
				PRODUCT_BUNDLE_IDENTIFIER = io.particle.Particle;
				PRODUCT_NAME = Particle;
				PROVISIONING_PROFILE = "";
				PROVISIONING_PROFILE_SPECIFIER = "";
				SWIFT_OBJC_BRIDGING_HEADER = "Photon-Tinker/Particle-Bridging-Header.h";
				SWIFT_SWIFT3_OBJC_INFERENCE = On;
				SWIFT_VERSION = 4.1;
				TARGETED_DEVICE_FAMILY = 1;
				VALID_ARCHS = "$(ARCHS_STANDARD)";
				VERSIONING_SYSTEM = "apple-generic";
			};
			name = Release;
		};
/* End XCBuildConfiguration section */

/* Begin XCConfigurationList section */
		50B1253E1AE06CF4003C29DC /* Build configuration list for PBXProject "Particle" */ = {
			isa = XCConfigurationList;
			buildConfigurations = (
				50B125601AE06CF4003C29DC /* Debug */,
				50B125611AE06CF4003C29DC /* Release */,
			);
			defaultConfigurationIsVisible = 0;
			defaultConfigurationName = Release;
		};
		50B125621AE06CF4003C29DC /* Build configuration list for PBXNativeTarget "Particle" */ = {
			isa = XCConfigurationList;
			buildConfigurations = (
				50B125631AE06CF4003C29DC /* Debug */,
				50B125641AE06CF4003C29DC /* Release */,
			);
			defaultConfigurationIsVisible = 0;
			defaultConfigurationName = Release;
		};
/* End XCConfigurationList section */
	};
	rootObject = 50B1253B1AE06CF4003C29DC /* Project object */;
}
