PODS:
  - 1PasswordExtension (1.8.5)
  - AFNetworking (3.2.1):
    - AFNetworking/NSURLSession (= 3.2.1)
    - AFNetworking/Reachability (= 3.2.1)
    - AFNetworking/Security (= 3.2.1)
    - AFNetworking/Serialization (= 3.2.1)
    - AFNetworking/UIKit (= 3.2.1)
  - AFNetworking/NSURLSession (3.2.1):
    - AFNetworking/Reachability
    - AFNetworking/Security
    - AFNetworking/Serialization
  - AFNetworking/Reachability (3.2.1)
  - AFNetworking/Security (3.2.1)
  - AFNetworking/Serialization (3.2.1)
  - AFNetworking/UIKit (3.2.1):
    - AFNetworking/NSURLSession
  - Analytics (3.6.9)
  - ASValueTrackingSlider (0.12.1)
  - Crashlytics (3.10.2):
    - Fabric (~> 1.7.7)
  - DateTools (2.0.0)
  - Fabric (1.7.7)
  - Firebase/Core (4.13.0):
    - FirebaseAnalytics (= 4.2.0)
    - FirebaseCore (= 4.0.20)
  - FirebaseAnalytics (4.2.0):
    - FirebaseCore (~> 4.0)
    - FirebaseInstanceID (~> 2.0)
    - "GoogleToolboxForMac/NSData+zlib (~> 2.1)"
    - nanopb (~> 0.3)
  - FirebaseCore (4.0.20):
    - "GoogleToolboxForMac/NSData+zlib (~> 2.1)"
  - FirebaseInstanceID (2.0.10):
    - FirebaseCore (~> 4.0)
  - FXBlurView (1.6.4)
  - GoogleToolboxForMac/Defines (2.1.4)
  - "GoogleToolboxForMac/NSData+zlib (2.1.4)":
    - GoogleToolboxForMac/Defines (= 2.1.4)
  - HexColors (4.0.0)
  - IQKeyboardManager (6.0.4)
  - MBProgressHUD (0.9.2)
  - nanopb (0.3.8):
    - nanopb/decode (= 0.3.8)
    - nanopb/encode (= 0.3.8)
  - nanopb/decode (0.3.8)
  - nanopb/encode (0.3.8)
  - Particle-SDK (0.9.7):
    - Particle-SDK/Helpers (= 0.9.7)
    - Particle-SDK/SDK (= 0.9.7)
  - Particle-SDK/Helpers (0.9.7):
    - AFNetworking (~> 3.0)
  - Particle-SDK/SDK (0.9.7):
    - AFNetworking (~> 3.0)
    - Particle-SDK/Helpers
  - ParticleSetup (0.9.2):
    - ParticleSetup/Comm (= 0.9.2)
    - ParticleSetup/Core (= 0.9.2)
  - ParticleSetup/Comm (0.9.2)
  - ParticleSetup/Core (0.9.2):
    - 1PasswordExtension
    - Particle-SDK
    - ParticleSetup/Comm
  - PPTopMostController (0.0.1)
  - Reveal-SDK (20)
  - RMessage (2.3.2):
    - HexColors (~> 4.0)
    - PPTopMostController
  - Segment-Firebase (2.2.0):
    - Analytics (~> 3.2)
    - Firebase/Core (~> 4.0)
    - Segment-Firebase/Core (= 2.2.0)
  - Segment-Firebase/Core (2.2.0):
    - Analytics (~> 3.2)
    - Firebase/Core (~> 4.0)
  - Stripe (15.0.0)
  - SwiftProtobuf (1.1.2)
  - YCTutorialBox (1.0.9):
    - FXBlurView
  - Zip (1.1.0)

DEPENDENCIES:
  - Analytics
  - ASValueTrackingSlider
  - Crashlytics
  - DateTools
  - IQKeyboardManager
  - MBProgressHUD (~> 0.9)
  - Particle-SDK
  - ParticleSetup
  - Reveal-SDK
  - RMessage
  - Segment-Firebase
  - Stripe
  - SwiftProtobuf (~> 1.0)
  - YCTutorialBox
  - Zip (~> 1.1)

SPEC REPOS:
  https://github.com/cocoapods/specs.git:
    - 1PasswordExtension
    - AFNetworking
    - Analytics
    - ASValueTrackingSlider
    - Crashlytics
    - DateTools
    - Fabric
    - Firebase
    - FirebaseAnalytics
    - FirebaseCore
    - FirebaseInstanceID
    - FXBlurView
    - GoogleToolboxForMac
    - HexColors
    - IQKeyboardManager
    - MBProgressHUD
    - nanopb
    - Particle-SDK
    - ParticleSetup
    - PPTopMostController
    - Reveal-SDK
    - RMessage
    - Segment-Firebase
    - Stripe
    - SwiftProtobuf
    - YCTutorialBox
    - Zip

SPEC CHECKSUMS:
  1PasswordExtension: 0e95bdea64ec8ff2f4f693be5467a09fac42a83d
  AFNetworking: b6f891fdfaed196b46c7a83cf209e09697b94057
  Analytics: 6541ce337e99d9f7a2240a8b3953940a7be5f998
  ASValueTrackingSlider: 5261de3fcf00adb339efc93885e8f0bc99e703cd
  Crashlytics: 0360624eea1c978a743feddb2fb1ef8b37fb7a0d
  DateTools: 933ac9c490f21f92127cf690ccd8c397e0126caf
  Fabric: bda89e242bce1b7b8ab264248cf3407774ce0095
  Firebase: 5ec5e863d269d82d66b4bf56856726f8fb8f0fb3
  FirebaseAnalytics: 7ef69e76a5142f643aeb47c780e1cdce4e23632e
  FirebaseCore: 90cb1c53d69b556f112a1bf72b5fcfaad7650790
  FirebaseInstanceID: 8d20d890d65c917f9f7d9950b6e10a760ad34321
  FXBlurView: db786c2561cb49a09ae98407f52460096ab8a44f
  GoogleToolboxForMac: 91c824d21e85b31c2aae9bb011c5027c9b4e738f
  HexColors: 5f95843ef89aff6a72e1fd3a8ebabf205cc43379
  IQKeyboardManager: 29514134ef0334a6fa33cf4eee11c36c064baeaf
  MBProgressHUD: 1569cf7ace17a8bac47aabfbb8580a49690386d1
  nanopb: 5601e6bca2dbf1ed831b519092ec110f66982ca3
  Particle-SDK: aebdb0fc9fb634f55cc3ede6ce03b6fe6510c807
  ParticleSetup: b016e8eef1f21dc9b65ac7a546f9a41adfe5281d
  PPTopMostController: 4e6f1e5f8c645bdcc74cd837a20f607ff262c048
  Reveal-SDK: 43206a57f575632fd304e85385cc259b5d359e32
  RMessage: 761f8ff71247b8d72d0c4a0be5a8e6ce8dfdedd0
  Segment-Firebase: 05a04c7a69901841d2f6b6670e5be2e20d56b2d6
  Stripe: 312b22a67af9fa55c246d26148b3f3a9636a0ff2
  SwiftProtobuf: 7147b8ec19c8c0694a45155d989ea9e6dedaf51f
  YCTutorialBox: acac7309db72b55791f624ba0786938e19341832
  Zip: 8877eede3dda76bcac281225c20e71c25270774c

PODFILE CHECKSUM: 1afa767cc2b8b9e24215872997e8eca348baf351

COCOAPODS: 1.7.5
