PODS:
  - 1PasswordExtension (1.8.3)
  - AFNetworking (3.1.0):
    - AFNetworking/NSURLSession (= 3.1.0)
    - AFNetworking/Reachability (= 3.1.0)
    - AFNetworking/Security (= 3.1.0)
    - AFNetworking/Serialization (= 3.1.0)
    - AFNetworking/UIKit (= 3.1.0)
  - AFNetworking/NSURLSession (3.1.0):
    - AFNetworking/Reachability
    - AFNetworking/Security
    - AFNetworking/Serialization
  - AFNetworking/Reachability (3.1.0)
  - AFNetworking/Security (3.1.0)
  - AFNetworking/Serialization (3.1.0)
  - AFNetworking/UIKit (3.1.0):
    - AFNetworking/NSURLSession
  - Analytics (3.3.0)
  - ASValueTrackingSlider (0.11.2)
  - Crashlytics (3.7.3):
    - Fabric (~> 1.6.3)
  - DateTools (1.7.0)
  - Fabric (1.6.8)
  - FXBlurView (1.6.4)
  - HexColors (2.2.1)
  - IQKeyboardManager (4.0.4)
  - MBProgressHUD (0.9.2)
  - Mixpanel (3.0.2):
    - Mixpanel/Mixpanel (= 3.0.2)
  - Mixpanel/Mixpanel (3.0.2)
  - PullToRefreshCoreText (0.2)
  - Spark-SDK (0.5.0):
    - Spark-SDK/Helpers (= 0.5.0)
    - Spark-SDK/SDK (= 0.5.0)
  - Spark-SDK/Helpers (0.5.0)
  - Spark-SDK/SDK (0.5.0):
    - AFNetworking (~> 3.0)
    - Spark-SDK/Helpers
  - SparkSetup (0.6.0):
    - SparkSetup/Comm (= 0.6.0)
    - SparkSetup/Core (= 0.6.0)
  - SparkSetup/Comm (0.6.0)
  - SparkSetup/Core (0.6.0):
    - 1PasswordExtension
    - Spark-SDK
    - SparkSetup/Comm
  - TSMessages (0.9.12):
    - HexColors (~> 2.2.0)
  - YCTutorialBox (1.0.9):
    - FXBlurView

DEPENDENCIES:
  - Analytics
  - ASValueTrackingSlider
  - Crashlytics
  - DateTools
  - IQKeyboardManager
  - MBProgressHUD (~> 0.9)
  - Mixpanel
  - PullToRefreshCoreText (~> 0.1)
  - Spark-SDK (from `../spark-sdk-ios`)
  - SparkSetup (from `../spark-setup-ios`)
  - TSMessages
  - YCTutorialBox

EXTERNAL SOURCES:
  Spark-SDK:
    :path: "../spark-sdk-ios"
  SparkSetup:
    :path: "../spark-setup-ios"

SPEC CHECKSUMS:
  1PasswordExtension: 8757dc3302353731dd3e678e63b5023a708783cb
  AFNetworking: 5e0e199f73d8626b11e79750991f5d173d1f8b67
  Analytics: be3d952b8b0f21679e25af3b9dfbbab89597e897
  ASValueTrackingSlider: 45c9f78252da60de01d8f2afe869aaf90dd978d9
  Crashlytics: 76f6beaff70acf226139582c09c78461597c2b98
  DateTools: 53288ee8b905fdc75897a1e6b5cc0144b14cba60
  Fabric: 5755268d0171435ab167e3d0878a28a777deaf10
  FXBlurView: db786c2561cb49a09ae98407f52460096ab8a44f
  HexColors: abfd172e329dab59888614ccba6f216cec59289d
  IQKeyboardManager: 4a6f83b540283c2645aaeba2bd8dc0f09b5c77f8
  MBProgressHUD: 1569cf7ace17a8bac47aabfbb8580a49690386d1
  Mixpanel: 0e4f1f9a2ac612b589b2894830038418c2587428
  PullToRefreshCoreText: c843e71fc5ae5b033c0281067368905efd05c7b2
  Spark-SDK: 609a9c51057410b5373e9a9fc32736d185298b70
  SparkSetup: 5e5c72ad1d6e56ae865205f5c13d9975328969b9
  TSMessages: c8cc7b80f2a833af533872cd02010cac061532cc
  YCTutorialBox: acac7309db72b55791f624ba0786938e19341832

PODFILE CHECKSUM: 87e375a69bd6d5c83cf8344bf83604f1bf5a67f2

COCOAPODS: 1.0.1
