PODS:
  - 1PasswordExtension (1.8.6)
  - AFNetworking (4.0.1):
    - AFNetworking/NSURLSession (= 4.0.1)
    - AFNetworking/Reachability (= 4.0.1)
    - AFNetworking/Security (= 4.0.1)
    - AFNetworking/Serialization (= 4.0.1)
    - AFNetworking/UIKit (= 4.0.1)
  - AFNetworking/NSURLSession (4.0.1):
    - AFNetworking/Reachability
    - AFNetworking/Security
    - AFNetworking/Serialization
  - AFNetworking/Reachability (4.0.1)
  - AFNetworking/Security (4.0.1)
  - AFNetworking/Serialization (4.0.1)
  - AFNetworking/UIKit (4.0.1):
    - AFNetworking/NSURLSession
  - ASValueTrackingSlider (0.12.1)
  - DateTools (2.0.0)
  - HexColors (4.0.0)
  - IQKeyboardManager (6.5.19)
  - MBProgressHUD (1.2.0)
  - Particle-SDK (1.0.7):
    - Particle-SDK/Helpers (= 1.0.7)
    - Particle-SDK/SDK (= 1.0.7)
  - Particle-SDK/Helpers (1.0.7):
    - AFNetworking (~> 4.0)
  - Particle-SDK/SDK (1.0.7):
    - AFNetworking (~> 4.0)
    - Particle-SDK/Helpers
  - ParticleSetup (1.0.6):
    - ParticleSetup/Comm (= 1.0.6)
    - ParticleSetup/Core (= 1.0.6)
  - ParticleSetup/Comm (1.0.6)
  - ParticleSetup/Core (1.0.6):
    - 1PasswordExtension
    - Particle-SDK
    - ParticleSetup/Comm
  - PPTopMostController (0.0.1)
  - RMessage (2.3.2):
    - HexColors (~> 4.0)
    - PPTopMostController
  - SwiftProtobuf (1.1.2)
  - Zip (2.1.2)

DEPENDENCIES:
  - ASValueTrackingSlider
  - DateTools
  - IQKeyboardManager (~> 6.5)
  - MBProgressHUD (~> 1.2)
  - Particle-SDK
  - ParticleSetup
  - RMessage
  - SwiftProtobuf (~> 1.0)
  - Zip (~> 2.1)

SPEC REPOS:
  trunk:
    - 1PasswordExtension
    - AFNetworking
    - ASValueTrackingSlider
    - DateTools
    - HexColors
    - IQKeyboardManager
    - MBProgressHUD
    - Particle-SDK
    - ParticleSetup
    - PPTopMostController
    - RMessage
    - SwiftProtobuf
    - Zip

SPEC CHECKSUMS:
  1PasswordExtension: f97cc80ae58053c331b2b6dc8843ba7103b33794
  AFNetworking: 3bd23d814e976cd148d7d44c3ab78017b744cd58
  ASValueTrackingSlider: 5261de3fcf00adb339efc93885e8f0bc99e703cd
  DateTools: 933ac9c490f21f92127cf690ccd8c397e0126caf
  HexColors: 5f95843ef89aff6a72e1fd3a8ebabf205cc43379
  IQKeyboardManager: c8665b3396bd0b79402b4c573eac345a31c7d485
  MBProgressHUD: 3ee5efcc380f6a79a7cc9b363dd669c5e1ae7406
  Particle-SDK: 35ccf1758905326a042907294338a19099b3de04
  ParticleSetup: 76bd5ef3fe03120ebd5f2b779af658e271b443bd
  PPTopMostController: 4e6f1e5f8c645bdcc74cd837a20f607ff262c048
  RMessage: 761f8ff71247b8d72d0c4a0be5a8e6ce8dfdedd0
  SwiftProtobuf: 7147b8ec19c8c0694a45155d989ea9e6dedaf51f
  Zip: b3fef584b147b6e582b2256a9815c897d60ddc67

PODFILE CHECKSUM: b61ff01ca93ca0a07f5513fbc9d6a39c4260c26c

COCOAPODS: 1.16.2
